
Microsoft Visual Studio Solution File, Format Version 12.00
# Visual Studio 15
VisualStudioVersion = 15.0.27130.2027
MinimumVisualStudioVersion = 10.0.40219.1
Project("{FAE04EC0-301F-11D3-BF4B-00C04F79EFBC}") = "XLabs.Core", "Core\XLabs.Core.csproj", "{486ABBD5-9E4D-4BD2-A6FB-82E0E3B5A163}"
EndProject
Project("{2150E333-8FDC-42A3-9474-1A3956D46DE8}") = ".nuspec", ".nuspec", "{7C2AC26D-FFB8-4CF1-B189-1955A747B770}"
	ProjectSection(SolutionItems) = preProject
		..\nuspec\XLabs.Caching.nuspec = ..\nuspec\XLabs.Caching.nuspec
		..\nuspec\XLabs.Caching.SQLite.nuspec = ..\nuspec\XLabs.Caching.SQLite.nuspec
		..\nuspec\XLabs.Core.nuspec = ..\nuspec\XLabs.Core.nuspec
		..\nuspec\XLabs.Forms.nuspec = ..\nuspec\XLabs.Forms.nuspec
		..\nuspec\XLabs.IoC.nuspec = ..\nuspec\XLabs.IoC.nuspec
		..\nuspec\XLabs.Platform.nuspec = ..\nuspec\XLabs.Platform.nuspec
		..\nuspec\XLabs.Serialization.nuspec = ..\nuspec\XLabs.Serialization.nuspec
		..\nuspec\XLabs.Serialization.ServiceStackV3.nuspec = ..\nuspec\XLabs.Serialization.ServiceStackV3.nuspec
		..\nuspec\XLabs.Web.nuspec = ..\nuspec\XLabs.Web.nuspec
	EndProjectSection
EndProject
Project("{2150E333-8FDC-42A3-9474-1A3956D46DE8}") = "source", "source", "{8507F10B-CF78-4193-BC5B-C602837092B3}"
EndProject
Project("{2150E333-8FDC-42A3-9474-1A3956D46DE8}") = "unit tests", "unit tests", "{790680FE-FE91-45C1-8A35-21C37A7D2C71}"
EndProject
Project("{2150E333-8FDC-42A3-9474-1A3956D46DE8}") = "Caching", "Caching", "{B7ED082B-3B2E-4F0A-98BF-75F957BAEC78}"
EndProject
Project("{2150E333-8FDC-42A3-9474-1A3956D46DE8}") = "Forms", "Forms", "{C1296FBA-3002-40B6-B762-FF1E87FBC9B1}"
EndProject
Project("{2150E333-8FDC-42A3-9474-1A3956D46DE8}") = "IOC", "IOC", "{00F4EF06-97F7-4854-8DD9-7F9AE4A1201A}"
EndProject
Project("{2150E333-8FDC-42A3-9474-1A3956D46DE8}") = "Platform", "Platform", "{96C33EFF-EAE7-49A4-AE5D-30321AC268D3}"
EndProject
Project("{2150E333-8FDC-42A3-9474-1A3956D46DE8}") = "Serialization", "Serialization", "{BCF998FA-B893-4FC6-A4AC-776341F76D53}"
EndProject
Project("{2150E333-8FDC-42A3-9474-1A3956D46DE8}") = "Web", "Web", "{544F385E-BF56-474C-99FE-C8CB45B33EF9}"
EndProject
Project("{FAE04EC0-301F-11D3-BF4B-00C04F79EFBC}") = "XLabs.Caching", "Caching\XLabs.Caching\XLabs.Caching.csproj", "{DA63BB22-3A83-4BDD-AC19-00904877F4FA}"
EndProject
Project("{FAE04EC0-301F-11D3-BF4B-00C04F79EFBC}") = "XLabs.Caching.Sqlite", "Caching\XLabs.Caching.Sqlite\XLabs.Caching.Sqlite.csproj", "{B42F3CE5-DC7C-4EF0-8712-ED810CEFDA11}"
EndProject
Project("{FAE04EC0-301F-11D3-BF4B-00C04F79EFBC}") = "XLabs.Serialization", "Serialization\XLabs.Serialization\XLabs.Serialization.csproj", "{6C5C17D3-E6E8-4201-B11F-7C50B02E8E3D}"
EndProject
Project("{2150E333-8FDC-42A3-9474-1A3956D46DE8}") = "ServiceStack", "ServiceStack", "{5F211940-D3E0-43CF-8D6B-DF0FAE503C69}"
EndProject
Project("{FAE04EC0-301F-11D3-BF4B-00C04F79EFBC}") = "XLabs.Serialization.ServiceStackV3.Droid", "Serialization\XLabs.Serialization.ServiceStack.Droid\XLabs.Serialization.ServiceStackV3.Droid.csproj", "{480A3B69-7110-400A-B06B-9F9E648D61E9}"
EndProject
Project("{FAE04EC0-301F-11D3-BF4B-00C04F79EFBC}") = "XLabs.Serialization.ServiceStackV3.iOS", "Serialization\XLabs.Serialization.ServiceStack.iOS\XLabs.Serialization.ServiceStackV3.iOS.csproj", "{C8105E62-05B2-4301-BDD0-A0EAA21F3564}"
EndProject
Project("{FAE04EC0-301F-11D3-BF4B-00C04F79EFBC}") = "XLabs.IOC", "IOC\XLabs.IOC\XLabs.IOC.csproj", "{88F99257-B7A1-4C67-B134-7BDAD63AEEF1}"
EndProject
Project("{FAE04EC0-301F-11D3-BF4B-00C04F79EFBC}") = "XLabs.Platform.Droid", "Platform\XLabs.Platform.Droid\XLabs.Platform.Droid.csproj", "{0E2E8AEC-8DC9-4C9D-8680-903805F92FD4}"
EndProject
Project("{FAE04EC0-301F-11D3-BF4B-00C04F79EFBC}") = "XLabs.Platform.iOS", "Platform\XLabs.Platform.iOS\XLabs.Platform.iOS.csproj", "{BBB5402C-92F6-4E2D-BD9F-5CA6EB79CF27}"
EndProject
Project("{D954291E-2A0B-460D-934E-DC6B0785DB48}") = "XLabs.Platform.Shared", "Platform\XLabs.Platform.Shared\XLabs.Platform.Shared.shproj", "{FC8DC19A-0ABA-4922-9719-2DEBB20397F6}"
EndProject
Project("{FAE04EC0-301F-11D3-BF4B-00C04F79EFBC}") = "XLabs.Web", "Web\XLabs.Web\XLabs.Web.csproj", "{F9F8EC0B-D46D-40EC-BABF-F9D499CE451A}"
EndProject
Project("{FAE04EC0-301F-11D3-BF4B-00C04F79EFBC}") = "XLabs.Web.Droid", "Web\XLabs.Web.Droid\XLabs.Web.Droid.csproj", "{1704EB24-5FBA-4E98-9CD4-EE2EE4610A94}"
EndProject
Project("{FAE04EC0-301F-11D3-BF4B-00C04F79EFBC}") = "XLabs.Web.iOS", "Web\XLabs.Web.iOS\XLabs.Web.iOS.csproj", "{AFF1BB25-E9DB-4797-8778-F3EE09C8B9EF}"
EndProject
Project("{FAE04EC0-301F-11D3-BF4B-00C04F79EFBC}") = "XLabs.Forms", "Forms\XLabs.Forms\XLabs.Forms.csproj", "{59AD9D73-9348-4262-A869-6168057DA26A}"
EndProject
Project("{FAE04EC0-301F-11D3-BF4B-00C04F79EFBC}") = "XLabs.Forms.Droid", "Forms\XLabs.Forms.Droid\XLabs.Forms.Droid.csproj", "{3FDEEE8A-55E3-42E9-91AF-FBF94688CE71}"
EndProject
Project("{FAE04EC0-301F-11D3-BF4B-00C04F79EFBC}") = "XLabs.Forms.iOS", "Forms\XLabs.Forms.iOS\XLabs.Forms.iOS.csproj", "{5F75F28C-0E83-4594-97F1-9CDF806DB5F2}"
EndProject
Project("{2150E333-8FDC-42A3-9474-1A3956D46DE8}") = "Caching", "Caching", "{C5179ECB-0645-43D5-BB27-9E9F7884E0ED}"
EndProject
Project("{2150E333-8FDC-42A3-9474-1A3956D46DE8}") = "Cryptography", "Cryptography", "{66264110-E388-4097-B554-62A6B719D5CD}"
EndProject
Project("{2150E333-8FDC-42A3-9474-1A3956D46DE8}") = "Forms", "Forms", "{481392ED-FD69-47F0-B126-73688C89F343}"
EndProject
Project("{2150E333-8FDC-42A3-9474-1A3956D46DE8}") = "Charting", "Charting", "{C2F2E95A-FF2F-4E65-90A7-60B1974A9A19}"
EndProject
Project("{2150E333-8FDC-42A3-9474-1A3956D46DE8}") = "IOC", "IOC", "{5AF14D72-282C-400A-838E-E353ADCFCC38}"
EndProject
Project("{2150E333-8FDC-42A3-9474-1A3956D46DE8}") = "Platform", "Platform", "{5436B113-AF23-4EE2-A2C8-20215BFD6537}"
EndProject
Project("{2150E333-8FDC-42A3-9474-1A3956D46DE8}") = "Serialization", "Serialization", "{1FC76E39-2530-42F6-BBC3-993B63851CA6}"
EndProject
Project("{2150E333-8FDC-42A3-9474-1A3956D46DE8}") = "Settings", "Settings", "{8C8685CA-9E55-4AE3-AF36-0899F1220D70}"
EndProject
Project("{2150E333-8FDC-42A3-9474-1A3956D46DE8}") = "Web", "Web", "{B45A1C8D-2FB8-4A8E-A359-BE13385EC031}"
EndProject
Project("{2150E333-8FDC-42A3-9474-1A3956D46DE8}") = "Core", "Core", "{45DB5FC5-680D-4B37-9C1F-24FA3645F4AB}"
EndProject
Project("{D954291E-2A0B-460D-934E-DC6B0785DB48}") = "XLabs.Serialization.ServiceStackV3.Shared", "Serialization\XLabs.Serialization.ServiceStack.Shared\XLabs.Serialization.ServiceStackV3.Shared.shproj", "{70EA5FD6-61BF-4DDF-9CF3-FBE1012F575F}"
EndProject
Project("{FAE04EC0-301F-11D3-BF4B-00C04F79EFBC}") = "XLabs.Serialization.ASPNET", "Serialization\XLabs.Serialization.ASPNET\XLabs.Serialization.ASPNET.csproj", "{170DB43F-86F3-4ED8-B05E-81FD38F118BF}"
EndProject
Project("{2150E333-8FDC-42A3-9474-1A3956D46DE8}") = "Net45", "Net45", "{E8D7A746-40A5-4BD6-B51D-11DE19158AB2}"
EndProject
Project("{D954291E-2A0B-460D-934E-DC6B0785DB48}") = "XLabs.Web.Shared", "Web\XLabs.Web.Shared\XLabs.Web.Shared.shproj", "{663CD8D6-A2F1-4EA4-9451-E93A773961D0}"
EndProject
Project("{D954291E-2A0B-460D-934E-DC6B0785DB48}") = "XLabs.Forms.Shared", "Forms\XLabs.Forms.Shared\XLabs.Forms.Shared.shproj", "{531D5086-CA30-4E17-AFE8-D339B312A57D}"
EndProject
Project("{2150E333-8FDC-42A3-9474-1A3956D46DE8}") = ".nuget", ".nuget", "{92DE34DB-420B-4B18-B60C-9BCFACD3CDFC}"
	ProjectSection(SolutionItems) = preProject
		..\.nuget\NuGet.Config = ..\.nuget\NuGet.Config
		..\.nuget\NuGet.exe = ..\.nuget\NuGet.exe
		..\.nuget\NuGet.targets = ..\.nuget\NuGet.targets
	EndProjectSection
EndProject
Project("{2150E333-8FDC-42A3-9474-1A3956D46DE8}") = ".misc", ".misc", "{475F5D19-903E-4801-8FA2-FD33BBB4C69A}"
	ProjectSection(SolutionItems) = preProject
		AssemblyInfo.Shared.cs = AssemblyInfo.Shared.cs
		..\version.json = ..\version.json
	EndProjectSection
EndProject
Project("{FAE04EC0-301F-11D3-BF4B-00C04F79EFBC}") = "XLabs.Platform", "Platform\XLabs.Platform\XLabs.Platform.csproj", "{7B43B9F5-7C88-42F1-B217-34A24AE925D0}"
EndProject
Global
	GlobalSection(SharedMSBuildProjectFiles) = preSolution
		Platform\XLabs.Platform.Shared\XLabs.Platform.Shared.projitems*{0e2e8aec-8dc9-4c9d-8680-903805f92fd4}*SharedItemsImports = 4
		Web\XLabs.Web.Shared\XLabs.Web.Shared.projitems*{1704eb24-5fba-4e98-9cd4-ee2ee4610a94}*SharedItemsImports = 4
		Forms\XLabs.Forms.Shared\XLabs.Forms.Shared.projitems*{3fdeee8a-55e3-42e9-91af-fbf94688ce71}*SharedItemsImports = 4
		Serialization\XLabs.Serialization.ServiceStack.Shared\XLabs.Serialization.ServiceStackV3.Shared.projitems*{480a3b69-7110-400a-b06b-9f9e648d61e9}*SharedItemsImports = 4
		Forms\XLabs.Forms.Shared\XLabs.Forms.Shared.projitems*{531d5086-ca30-4e17-afe8-d339b312a57d}*SharedItemsImports = 13
		Forms\XLabs.Forms.Shared\XLabs.Forms.Shared.projitems*{5f75f28c-0e83-4594-97f1-9cdf806db5f2}*SharedItemsImports = 4
		Web\XLabs.Web.Shared\XLabs.Web.Shared.projitems*{663cd8d6-a2f1-4ea4-9451-e93a773961d0}*SharedItemsImports = 13
		Serialization\XLabs.Serialization.ServiceStack.Shared\XLabs.Serialization.ServiceStackV3.Shared.projitems*{70ea5fd6-61bf-4ddf-9cf3-fbe1012f575f}*SharedItemsImports = 13
		Web\XLabs.Web.Shared\XLabs.Web.Shared.projitems*{aff1bb25-e9db-4797-8778-f3ee09c8b9ef}*SharedItemsImports = 4
		Platform\XLabs.Platform.Shared\XLabs.Platform.Shared.projitems*{bbb5402c-92f6-4e2d-bd9f-5ca6eb79cf27}*SharedItemsImports = 4
		Serialization\XLabs.Serialization.ServiceStack.Shared\XLabs.Serialization.ServiceStackV3.Shared.projitems*{c8105e62-05b2-4301-bdd0-a0eaa21f3564}*SharedItemsImports = 4
		Platform\XLabs.Platform.Shared\XLabs.Platform.Shared.projitems*{fc8dc19a-0aba-4922-9719-2debb20397f6}*SharedItemsImports = 13
	EndGlobalSection
	GlobalSection(SolutionConfigurationPlatforms) = preSolution
		Ad-Hoc|Any CPU = Ad-Hoc|Any CPU
		Ad-Hoc|ARM = Ad-Hoc|ARM
		Ad-Hoc|iPhone = Ad-Hoc|iPhone
		Ad-Hoc|iPhoneSimulator = Ad-Hoc|iPhoneSimulator
		Ad-Hoc|x64 = Ad-Hoc|x64
		Ad-Hoc|x86 = Ad-Hoc|x86
		AppStore|Any CPU = AppStore|Any CPU
		AppStore|ARM = AppStore|ARM
		AppStore|iPhone = AppStore|iPhone
		AppStore|iPhoneSimulator = AppStore|iPhoneSimulator
		AppStore|x64 = AppStore|x64
		AppStore|x86 = AppStore|x86
		Debug|Any CPU = Debug|Any CPU
		Debug|ARM = Debug|ARM
		Debug|iPhone = Debug|iPhone
		Debug|iPhoneSimulator = Debug|iPhoneSimulator
		Debug|x64 = Debug|x64
		Debug|x86 = Debug|x86
		NuProj|Any CPU = NuProj|Any CPU
		NuProj|ARM = NuProj|ARM
		NuProj|iPhone = NuProj|iPhone
		NuProj|iPhoneSimulator = NuProj|iPhoneSimulator
		NuProj|x64 = NuProj|x64
		NuProj|x86 = NuProj|x86
		Release|Any CPU = Release|Any CPU
		Release|ARM = Release|ARM
		Release|iPhone = Release|iPhone
		Release|iPhoneSimulator = Release|iPhoneSimulator
		Release|x64 = Release|x64
		Release|x86 = Release|x86
	EndGlobalSection
	GlobalSection(ProjectConfigurationPlatforms) = postSolution
		{486ABBD5-9E4D-4BD2-A6FB-82E0E3B5A163}.Ad-Hoc|Any CPU.ActiveCfg = Release|Any CPU
		{486ABBD5-9E4D-4BD2-A6FB-82E0E3B5A163}.Ad-Hoc|Any CPU.Build.0 = Release|Any CPU
		{486ABBD5-9E4D-4BD2-A6FB-82E0E3B5A163}.Ad-Hoc|ARM.ActiveCfg = Release|Any CPU
		{486ABBD5-9E4D-4BD2-A6FB-82E0E3B5A163}.Ad-Hoc|ARM.Build.0 = Release|Any CPU
		{486ABBD5-9E4D-4BD2-A6FB-82E0E3B5A163}.Ad-Hoc|iPhone.ActiveCfg = Release|Any CPU
		{486ABBD5-9E4D-4BD2-A6FB-82E0E3B5A163}.Ad-Hoc|iPhone.Build.0 = Release|Any CPU
		{486ABBD5-9E4D-4BD2-A6FB-82E0E3B5A163}.Ad-Hoc|iPhoneSimulator.ActiveCfg = Release|Any CPU
		{486ABBD5-9E4D-4BD2-A6FB-82E0E3B5A163}.Ad-Hoc|iPhoneSimulator.Build.0 = Release|Any CPU
		{486ABBD5-9E4D-4BD2-A6FB-82E0E3B5A163}.Ad-Hoc|x64.ActiveCfg = Release|Any CPU
		{486ABBD5-9E4D-4BD2-A6FB-82E0E3B5A163}.Ad-Hoc|x64.Build.0 = Release|Any CPU
		{486ABBD5-9E4D-4BD2-A6FB-82E0E3B5A163}.Ad-Hoc|x86.ActiveCfg = Release|Any CPU
		{486ABBD5-9E4D-4BD2-A6FB-82E0E3B5A163}.Ad-Hoc|x86.Build.0 = Release|Any CPU
		{486ABBD5-9E4D-4BD2-A6FB-82E0E3B5A163}.AppStore|Any CPU.ActiveCfg = Release|Any CPU
		{486ABBD5-9E4D-4BD2-A6FB-82E0E3B5A163}.AppStore|Any CPU.Build.0 = Release|Any CPU
		{486ABBD5-9E4D-4BD2-A6FB-82E0E3B5A163}.AppStore|ARM.ActiveCfg = Release|Any CPU
		{486ABBD5-9E4D-4BD2-A6FB-82E0E3B5A163}.AppStore|ARM.Build.0 = Release|Any CPU
		{486ABBD5-9E4D-4BD2-A6FB-82E0E3B5A163}.AppStore|iPhone.ActiveCfg = Release|Any CPU
		{486ABBD5-9E4D-4BD2-A6FB-82E0E3B5A163}.AppStore|iPhone.Build.0 = Release|Any CPU
		{486ABBD5-9E4D-4BD2-A6FB-82E0E3B5A163}.AppStore|iPhoneSimulator.ActiveCfg = Release|Any CPU
		{486ABBD5-9E4D-4BD2-A6FB-82E0E3B5A163}.AppStore|iPhoneSimulator.Build.0 = Release|Any CPU
		{486ABBD5-9E4D-4BD2-A6FB-82E0E3B5A163}.AppStore|x64.ActiveCfg = Release|Any CPU
		{486ABBD5-9E4D-4BD2-A6FB-82E0E3B5A163}.AppStore|x64.Build.0 = Release|Any CPU
		{486ABBD5-9E4D-4BD2-A6FB-82E0E3B5A163}.AppStore|x86.ActiveCfg = Release|Any CPU
		{486ABBD5-9E4D-4BD2-A6FB-82E0E3B5A163}.AppStore|x86.Build.0 = Release|Any CPU
		{486ABBD5-9E4D-4BD2-A6FB-82E0E3B5A163}.Debug|Any CPU.ActiveCfg = Debug|Any CPU
		{486ABBD5-9E4D-4BD2-A6FB-82E0E3B5A163}.Debug|Any CPU.Build.0 = Debug|Any CPU
		{486ABBD5-9E4D-4BD2-A6FB-82E0E3B5A163}.Debug|ARM.ActiveCfg = Debug|Any CPU
		{486ABBD5-9E4D-4BD2-A6FB-82E0E3B5A163}.Debug|ARM.Build.0 = Debug|Any CPU
		{486ABBD5-9E4D-4BD2-A6FB-82E0E3B5A163}.Debug|iPhone.ActiveCfg = Debug|Any CPU
		{486ABBD5-9E4D-4BD2-A6FB-82E0E3B5A163}.Debug|iPhone.Build.0 = Debug|Any CPU
		{486ABBD5-9E4D-4BD2-A6FB-82E0E3B5A163}.Debug|iPhoneSimulator.ActiveCfg = Debug|Any CPU
		{486ABBD5-9E4D-4BD2-A6FB-82E0E3B5A163}.Debug|iPhoneSimulator.Build.0 = Debug|Any CPU
		{486ABBD5-9E4D-4BD2-A6FB-82E0E3B5A163}.Debug|x64.ActiveCfg = Debug|Any CPU
		{486ABBD5-9E4D-4BD2-A6FB-82E0E3B5A163}.Debug|x64.Build.0 = Debug|Any CPU
		{486ABBD5-9E4D-4BD2-A6FB-82E0E3B5A163}.Debug|x86.ActiveCfg = Debug|Any CPU
		{486ABBD5-9E4D-4BD2-A6FB-82E0E3B5A163}.Debug|x86.Build.0 = Debug|Any CPU
		{486ABBD5-9E4D-4BD2-A6FB-82E0E3B5A163}.NuProj|Any CPU.ActiveCfg = Debug|Any CPU
		{486ABBD5-9E4D-4BD2-A6FB-82E0E3B5A163}.NuProj|ARM.ActiveCfg = Debug|Any CPU
		{486ABBD5-9E4D-4BD2-A6FB-82E0E3B5A163}.NuProj|ARM.Build.0 = Debug|Any CPU
		{486ABBD5-9E4D-4BD2-A6FB-82E0E3B5A163}.NuProj|iPhone.ActiveCfg = Debug|Any CPU
		{486ABBD5-9E4D-4BD2-A6FB-82E0E3B5A163}.NuProj|iPhone.Build.0 = Debug|Any CPU
		{486ABBD5-9E4D-4BD2-A6FB-82E0E3B5A163}.NuProj|iPhoneSimulator.ActiveCfg = Debug|Any CPU
		{486ABBD5-9E4D-4BD2-A6FB-82E0E3B5A163}.NuProj|iPhoneSimulator.Build.0 = Debug|Any CPU
		{486ABBD5-9E4D-4BD2-A6FB-82E0E3B5A163}.NuProj|x64.ActiveCfg = Debug|Any CPU
		{486ABBD5-9E4D-4BD2-A6FB-82E0E3B5A163}.NuProj|x64.Build.0 = Debug|Any CPU
		{486ABBD5-9E4D-4BD2-A6FB-82E0E3B5A163}.NuProj|x86.ActiveCfg = Debug|Any CPU
		{486ABBD5-9E4D-4BD2-A6FB-82E0E3B5A163}.NuProj|x86.Build.0 = Debug|Any CPU
		{486ABBD5-9E4D-4BD2-A6FB-82E0E3B5A163}.Release|Any CPU.ActiveCfg = Release|Any CPU
		{486ABBD5-9E4D-4BD2-A6FB-82E0E3B5A163}.Release|Any CPU.Build.0 = Release|Any CPU
		{486ABBD5-9E4D-4BD2-A6FB-82E0E3B5A163}.Release|ARM.ActiveCfg = Release|Any CPU
		{486ABBD5-9E4D-4BD2-A6FB-82E0E3B5A163}.Release|ARM.Build.0 = Release|Any CPU
		{486ABBD5-9E4D-4BD2-A6FB-82E0E3B5A163}.Release|iPhone.ActiveCfg = Release|Any CPU
		{486ABBD5-9E4D-4BD2-A6FB-82E0E3B5A163}.Release|iPhone.Build.0 = Release|Any CPU
		{486ABBD5-9E4D-4BD2-A6FB-82E0E3B5A163}.Release|iPhoneSimulator.ActiveCfg = Release|Any CPU
		{486ABBD5-9E4D-4BD2-A6FB-82E0E3B5A163}.Release|iPhoneSimulator.Build.0 = Release|Any CPU
		{486ABBD5-9E4D-4BD2-A6FB-82E0E3B5A163}.Release|x64.ActiveCfg = Release|Any CPU
		{486ABBD5-9E4D-4BD2-A6FB-82E0E3B5A163}.Release|x64.Build.0 = Release|Any CPU
		{486ABBD5-9E4D-4BD2-A6FB-82E0E3B5A163}.Release|x86.ActiveCfg = Release|Any CPU
		{486ABBD5-9E4D-4BD2-A6FB-82E0E3B5A163}.Release|x86.Build.0 = Release|Any CPU
		{DA63BB22-3A83-4BDD-AC19-00904877F4FA}.Ad-Hoc|Any CPU.ActiveCfg = Release|Any CPU
		{DA63BB22-3A83-4BDD-AC19-00904877F4FA}.Ad-Hoc|Any CPU.Build.0 = Release|Any CPU
		{DA63BB22-3A83-4BDD-AC19-00904877F4FA}.Ad-Hoc|ARM.ActiveCfg = Release|Any CPU
		{DA63BB22-3A83-4BDD-AC19-00904877F4FA}.Ad-Hoc|ARM.Build.0 = Release|Any CPU
		{DA63BB22-3A83-4BDD-AC19-00904877F4FA}.Ad-Hoc|iPhone.ActiveCfg = Release|Any CPU
		{DA63BB22-3A83-4BDD-AC19-00904877F4FA}.Ad-Hoc|iPhone.Build.0 = Release|Any CPU
		{DA63BB22-3A83-4BDD-AC19-00904877F4FA}.Ad-Hoc|iPhoneSimulator.ActiveCfg = Release|Any CPU
		{DA63BB22-3A83-4BDD-AC19-00904877F4FA}.Ad-Hoc|iPhoneSimulator.Build.0 = Release|Any CPU
		{DA63BB22-3A83-4BDD-AC19-00904877F4FA}.Ad-Hoc|x64.ActiveCfg = Release|Any CPU
		{DA63BB22-3A83-4BDD-AC19-00904877F4FA}.Ad-Hoc|x64.Build.0 = Release|Any CPU
		{DA63BB22-3A83-4BDD-AC19-00904877F4FA}.Ad-Hoc|x86.ActiveCfg = Release|Any CPU
		{DA63BB22-3A83-4BDD-AC19-00904877F4FA}.Ad-Hoc|x86.Build.0 = Release|Any CPU
		{DA63BB22-3A83-4BDD-AC19-00904877F4FA}.AppStore|Any CPU.ActiveCfg = Release|Any CPU
		{DA63BB22-3A83-4BDD-AC19-00904877F4FA}.AppStore|Any CPU.Build.0 = Release|Any CPU
		{DA63BB22-3A83-4BDD-AC19-00904877F4FA}.AppStore|ARM.ActiveCfg = Release|Any CPU
		{DA63BB22-3A83-4BDD-AC19-00904877F4FA}.AppStore|ARM.Build.0 = Release|Any CPU
		{DA63BB22-3A83-4BDD-AC19-00904877F4FA}.AppStore|iPhone.ActiveCfg = Release|Any CPU
		{DA63BB22-3A83-4BDD-AC19-00904877F4FA}.AppStore|iPhone.Build.0 = Release|Any CPU
		{DA63BB22-3A83-4BDD-AC19-00904877F4FA}.AppStore|iPhoneSimulator.ActiveCfg = Release|Any CPU
		{DA63BB22-3A83-4BDD-AC19-00904877F4FA}.AppStore|iPhoneSimulator.Build.0 = Release|Any CPU
		{DA63BB22-3A83-4BDD-AC19-00904877F4FA}.AppStore|x64.ActiveCfg = Release|Any CPU
		{DA63BB22-3A83-4BDD-AC19-00904877F4FA}.AppStore|x64.Build.0 = Release|Any CPU
		{DA63BB22-3A83-4BDD-AC19-00904877F4FA}.AppStore|x86.ActiveCfg = Release|Any CPU
		{DA63BB22-3A83-4BDD-AC19-00904877F4FA}.AppStore|x86.Build.0 = Release|Any CPU
		{DA63BB22-3A83-4BDD-AC19-00904877F4FA}.Debug|Any CPU.ActiveCfg = Debug|Any CPU
		{DA63BB22-3A83-4BDD-AC19-00904877F4FA}.Debug|Any CPU.Build.0 = Debug|Any CPU
		{DA63BB22-3A83-4BDD-AC19-00904877F4FA}.Debug|ARM.ActiveCfg = Debug|Any CPU
		{DA63BB22-3A83-4BDD-AC19-00904877F4FA}.Debug|ARM.Build.0 = Debug|Any CPU
		{DA63BB22-3A83-4BDD-AC19-00904877F4FA}.Debug|iPhone.ActiveCfg = Debug|Any CPU
		{DA63BB22-3A83-4BDD-AC19-00904877F4FA}.Debug|iPhone.Build.0 = Debug|Any CPU
		{DA63BB22-3A83-4BDD-AC19-00904877F4FA}.Debug|iPhoneSimulator.ActiveCfg = Debug|Any CPU
		{DA63BB22-3A83-4BDD-AC19-00904877F4FA}.Debug|iPhoneSimulator.Build.0 = Debug|Any CPU
		{DA63BB22-3A83-4BDD-AC19-00904877F4FA}.Debug|x64.ActiveCfg = Debug|Any CPU
		{DA63BB22-3A83-4BDD-AC19-00904877F4FA}.Debug|x64.Build.0 = Debug|Any CPU
		{DA63BB22-3A83-4BDD-AC19-00904877F4FA}.Debug|x86.ActiveCfg = Debug|Any CPU
		{DA63BB22-3A83-4BDD-AC19-00904877F4FA}.Debug|x86.Build.0 = Debug|Any CPU
		{DA63BB22-3A83-4BDD-AC19-00904877F4FA}.NuProj|Any CPU.ActiveCfg = Debug|Any CPU
		{DA63BB22-3A83-4BDD-AC19-00904877F4FA}.NuProj|ARM.ActiveCfg = Debug|Any CPU
		{DA63BB22-3A83-4BDD-AC19-00904877F4FA}.NuProj|ARM.Build.0 = Debug|Any CPU
		{DA63BB22-3A83-4BDD-AC19-00904877F4FA}.NuProj|iPhone.ActiveCfg = Debug|Any CPU
		{DA63BB22-3A83-4BDD-AC19-00904877F4FA}.NuProj|iPhone.Build.0 = Debug|Any CPU
		{DA63BB22-3A83-4BDD-AC19-00904877F4FA}.NuProj|iPhoneSimulator.ActiveCfg = Debug|Any CPU
		{DA63BB22-3A83-4BDD-AC19-00904877F4FA}.NuProj|iPhoneSimulator.Build.0 = Debug|Any CPU
		{DA63BB22-3A83-4BDD-AC19-00904877F4FA}.NuProj|x64.ActiveCfg = Debug|Any CPU
		{DA63BB22-3A83-4BDD-AC19-00904877F4FA}.NuProj|x64.Build.0 = Debug|Any CPU
		{DA63BB22-3A83-4BDD-AC19-00904877F4FA}.NuProj|x86.ActiveCfg = Debug|Any CPU
		{DA63BB22-3A83-4BDD-AC19-00904877F4FA}.NuProj|x86.Build.0 = Debug|Any CPU
		{DA63BB22-3A83-4BDD-AC19-00904877F4FA}.Release|Any CPU.ActiveCfg = Release|Any CPU
		{DA63BB22-3A83-4BDD-AC19-00904877F4FA}.Release|Any CPU.Build.0 = Release|Any CPU
		{DA63BB22-3A83-4BDD-AC19-00904877F4FA}.Release|ARM.ActiveCfg = Release|Any CPU
		{DA63BB22-3A83-4BDD-AC19-00904877F4FA}.Release|ARM.Build.0 = Release|Any CPU
		{DA63BB22-3A83-4BDD-AC19-00904877F4FA}.Release|iPhone.ActiveCfg = Release|Any CPU
		{DA63BB22-3A83-4BDD-AC19-00904877F4FA}.Release|iPhone.Build.0 = Release|Any CPU
		{DA63BB22-3A83-4BDD-AC19-00904877F4FA}.Release|iPhoneSimulator.ActiveCfg = Release|Any CPU
		{DA63BB22-3A83-4BDD-AC19-00904877F4FA}.Release|iPhoneSimulator.Build.0 = Release|Any CPU
		{DA63BB22-3A83-4BDD-AC19-00904877F4FA}.Release|x64.ActiveCfg = Release|Any CPU
		{DA63BB22-3A83-4BDD-AC19-00904877F4FA}.Release|x64.Build.0 = Release|Any CPU
		{DA63BB22-3A83-4BDD-AC19-00904877F4FA}.Release|x86.ActiveCfg = Release|Any CPU
		{DA63BB22-3A83-4BDD-AC19-00904877F4FA}.Release|x86.Build.0 = Release|Any CPU
		{B42F3CE5-DC7C-4EF0-8712-ED810CEFDA11}.Ad-Hoc|Any CPU.ActiveCfg = Release|Any CPU
		{B42F3CE5-DC7C-4EF0-8712-ED810CEFDA11}.Ad-Hoc|Any CPU.Build.0 = Release|Any CPU
		{B42F3CE5-DC7C-4EF0-8712-ED810CEFDA11}.Ad-Hoc|ARM.ActiveCfg = Release|Any CPU
		{B42F3CE5-DC7C-4EF0-8712-ED810CEFDA11}.Ad-Hoc|ARM.Build.0 = Release|Any CPU
		{B42F3CE5-DC7C-4EF0-8712-ED810CEFDA11}.Ad-Hoc|iPhone.ActiveCfg = Release|Any CPU
		{B42F3CE5-DC7C-4EF0-8712-ED810CEFDA11}.Ad-Hoc|iPhone.Build.0 = Release|Any CPU
		{B42F3CE5-DC7C-4EF0-8712-ED810CEFDA11}.Ad-Hoc|iPhoneSimulator.ActiveCfg = Release|Any CPU
		{B42F3CE5-DC7C-4EF0-8712-ED810CEFDA11}.Ad-Hoc|iPhoneSimulator.Build.0 = Release|Any CPU
		{B42F3CE5-DC7C-4EF0-8712-ED810CEFDA11}.Ad-Hoc|x64.ActiveCfg = Release|Any CPU
		{B42F3CE5-DC7C-4EF0-8712-ED810CEFDA11}.Ad-Hoc|x64.Build.0 = Release|Any CPU
		{B42F3CE5-DC7C-4EF0-8712-ED810CEFDA11}.Ad-Hoc|x86.ActiveCfg = Release|Any CPU
		{B42F3CE5-DC7C-4EF0-8712-ED810CEFDA11}.Ad-Hoc|x86.Build.0 = Release|Any CPU
		{B42F3CE5-DC7C-4EF0-8712-ED810CEFDA11}.AppStore|Any CPU.ActiveCfg = Release|Any CPU
		{B42F3CE5-DC7C-4EF0-8712-ED810CEFDA11}.AppStore|Any CPU.Build.0 = Release|Any CPU
		{B42F3CE5-DC7C-4EF0-8712-ED810CEFDA11}.AppStore|ARM.ActiveCfg = Release|Any CPU
		{B42F3CE5-DC7C-4EF0-8712-ED810CEFDA11}.AppStore|ARM.Build.0 = Release|Any CPU
		{B42F3CE5-DC7C-4EF0-8712-ED810CEFDA11}.AppStore|iPhone.ActiveCfg = Release|Any CPU
		{B42F3CE5-DC7C-4EF0-8712-ED810CEFDA11}.AppStore|iPhone.Build.0 = Release|Any CPU
		{B42F3CE5-DC7C-4EF0-8712-ED810CEFDA11}.AppStore|iPhoneSimulator.ActiveCfg = Release|Any CPU
		{B42F3CE5-DC7C-4EF0-8712-ED810CEFDA11}.AppStore|iPhoneSimulator.Build.0 = Release|Any CPU
		{B42F3CE5-DC7C-4EF0-8712-ED810CEFDA11}.AppStore|x64.ActiveCfg = Release|Any CPU
		{B42F3CE5-DC7C-4EF0-8712-ED810CEFDA11}.AppStore|x64.Build.0 = Release|Any CPU
		{B42F3CE5-DC7C-4EF0-8712-ED810CEFDA11}.AppStore|x86.ActiveCfg = Release|Any CPU
		{B42F3CE5-DC7C-4EF0-8712-ED810CEFDA11}.AppStore|x86.Build.0 = Release|Any CPU
		{B42F3CE5-DC7C-4EF0-8712-ED810CEFDA11}.Debug|Any CPU.ActiveCfg = Debug|Any CPU
		{B42F3CE5-DC7C-4EF0-8712-ED810CEFDA11}.Debug|Any CPU.Build.0 = Debug|Any CPU
		{B42F3CE5-DC7C-4EF0-8712-ED810CEFDA11}.Debug|ARM.ActiveCfg = Debug|Any CPU
		{B42F3CE5-DC7C-4EF0-8712-ED810CEFDA11}.Debug|ARM.Build.0 = Debug|Any CPU
		{B42F3CE5-DC7C-4EF0-8712-ED810CEFDA11}.Debug|iPhone.ActiveCfg = Debug|Any CPU
		{B42F3CE5-DC7C-4EF0-8712-ED810CEFDA11}.Debug|iPhone.Build.0 = Debug|Any CPU
		{B42F3CE5-DC7C-4EF0-8712-ED810CEFDA11}.Debug|iPhoneSimulator.ActiveCfg = Debug|Any CPU
		{B42F3CE5-DC7C-4EF0-8712-ED810CEFDA11}.Debug|iPhoneSimulator.Build.0 = Debug|Any CPU
		{B42F3CE5-DC7C-4EF0-8712-ED810CEFDA11}.Debug|x64.ActiveCfg = Debug|Any CPU
		{B42F3CE5-DC7C-4EF0-8712-ED810CEFDA11}.Debug|x64.Build.0 = Debug|Any CPU
		{B42F3CE5-DC7C-4EF0-8712-ED810CEFDA11}.Debug|x86.ActiveCfg = Debug|Any CPU
		{B42F3CE5-DC7C-4EF0-8712-ED810CEFDA11}.Debug|x86.Build.0 = Debug|Any CPU
		{B42F3CE5-DC7C-4EF0-8712-ED810CEFDA11}.NuProj|Any CPU.ActiveCfg = Debug|Any CPU
		{B42F3CE5-DC7C-4EF0-8712-ED810CEFDA11}.NuProj|ARM.ActiveCfg = Debug|Any CPU
		{B42F3CE5-DC7C-4EF0-8712-ED810CEFDA11}.NuProj|ARM.Build.0 = Debug|Any CPU
		{B42F3CE5-DC7C-4EF0-8712-ED810CEFDA11}.NuProj|iPhone.ActiveCfg = Debug|Any CPU
		{B42F3CE5-DC7C-4EF0-8712-ED810CEFDA11}.NuProj|iPhone.Build.0 = Debug|Any CPU
		{B42F3CE5-DC7C-4EF0-8712-ED810CEFDA11}.NuProj|iPhoneSimulator.ActiveCfg = Debug|Any CPU
		{B42F3CE5-DC7C-4EF0-8712-ED810CEFDA11}.NuProj|iPhoneSimulator.Build.0 = Debug|Any CPU
		{B42F3CE5-DC7C-4EF0-8712-ED810CEFDA11}.NuProj|x64.ActiveCfg = Debug|Any CPU
		{B42F3CE5-DC7C-4EF0-8712-ED810CEFDA11}.NuProj|x64.Build.0 = Debug|Any CPU
		{B42F3CE5-DC7C-4EF0-8712-ED810CEFDA11}.NuProj|x86.ActiveCfg = Debug|Any CPU
		{B42F3CE5-DC7C-4EF0-8712-ED810CEFDA11}.NuProj|x86.Build.0 = Debug|Any CPU
		{B42F3CE5-DC7C-4EF0-8712-ED810CEFDA11}.Release|Any CPU.ActiveCfg = Release|Any CPU
		{B42F3CE5-DC7C-4EF0-8712-ED810CEFDA11}.Release|Any CPU.Build.0 = Release|Any CPU
		{B42F3CE5-DC7C-4EF0-8712-ED810CEFDA11}.Release|ARM.ActiveCfg = Release|Any CPU
		{B42F3CE5-DC7C-4EF0-8712-ED810CEFDA11}.Release|ARM.Build.0 = Release|Any CPU
		{B42F3CE5-DC7C-4EF0-8712-ED810CEFDA11}.Release|iPhone.ActiveCfg = Release|Any CPU
		{B42F3CE5-DC7C-4EF0-8712-ED810CEFDA11}.Release|iPhone.Build.0 = Release|Any CPU
		{B42F3CE5-DC7C-4EF0-8712-ED810CEFDA11}.Release|iPhoneSimulator.ActiveCfg = Release|Any CPU
		{B42F3CE5-DC7C-4EF0-8712-ED810CEFDA11}.Release|iPhoneSimulator.Build.0 = Release|Any CPU
		{B42F3CE5-DC7C-4EF0-8712-ED810CEFDA11}.Release|x64.ActiveCfg = Release|Any CPU
		{B42F3CE5-DC7C-4EF0-8712-ED810CEFDA11}.Release|x64.Build.0 = Release|Any CPU
		{B42F3CE5-DC7C-4EF0-8712-ED810CEFDA11}.Release|x86.ActiveCfg = Release|Any CPU
		{B42F3CE5-DC7C-4EF0-8712-ED810CEFDA11}.Release|x86.Build.0 = Release|Any CPU
		{6C5C17D3-E6E8-4201-B11F-7C50B02E8E3D}.Ad-Hoc|Any CPU.ActiveCfg = Release|Any CPU
		{6C5C17D3-E6E8-4201-B11F-7C50B02E8E3D}.Ad-Hoc|Any CPU.Build.0 = Release|Any CPU
		{6C5C17D3-E6E8-4201-B11F-7C50B02E8E3D}.Ad-Hoc|ARM.ActiveCfg = Release|Any CPU
		{6C5C17D3-E6E8-4201-B11F-7C50B02E8E3D}.Ad-Hoc|ARM.Build.0 = Release|Any CPU
		{6C5C17D3-E6E8-4201-B11F-7C50B02E8E3D}.Ad-Hoc|iPhone.ActiveCfg = Release|Any CPU
		{6C5C17D3-E6E8-4201-B11F-7C50B02E8E3D}.Ad-Hoc|iPhone.Build.0 = Release|Any CPU
		{6C5C17D3-E6E8-4201-B11F-7C50B02E8E3D}.Ad-Hoc|iPhoneSimulator.ActiveCfg = Release|Any CPU
		{6C5C17D3-E6E8-4201-B11F-7C50B02E8E3D}.Ad-Hoc|iPhoneSimulator.Build.0 = Release|Any CPU
		{6C5C17D3-E6E8-4201-B11F-7C50B02E8E3D}.Ad-Hoc|x64.ActiveCfg = Release|Any CPU
		{6C5C17D3-E6E8-4201-B11F-7C50B02E8E3D}.Ad-Hoc|x64.Build.0 = Release|Any CPU
		{6C5C17D3-E6E8-4201-B11F-7C50B02E8E3D}.Ad-Hoc|x86.ActiveCfg = Release|Any CPU
		{6C5C17D3-E6E8-4201-B11F-7C50B02E8E3D}.Ad-Hoc|x86.Build.0 = Release|Any CPU
		{6C5C17D3-E6E8-4201-B11F-7C50B02E8E3D}.AppStore|Any CPU.ActiveCfg = Release|Any CPU
		{6C5C17D3-E6E8-4201-B11F-7C50B02E8E3D}.AppStore|Any CPU.Build.0 = Release|Any CPU
		{6C5C17D3-E6E8-4201-B11F-7C50B02E8E3D}.AppStore|ARM.ActiveCfg = Release|Any CPU
		{6C5C17D3-E6E8-4201-B11F-7C50B02E8E3D}.AppStore|ARM.Build.0 = Release|Any CPU
		{6C5C17D3-E6E8-4201-B11F-7C50B02E8E3D}.AppStore|iPhone.ActiveCfg = Release|Any CPU
		{6C5C17D3-E6E8-4201-B11F-7C50B02E8E3D}.AppStore|iPhone.Build.0 = Release|Any CPU
		{6C5C17D3-E6E8-4201-B11F-7C50B02E8E3D}.AppStore|iPhoneSimulator.ActiveCfg = Release|Any CPU
		{6C5C17D3-E6E8-4201-B11F-7C50B02E8E3D}.AppStore|iPhoneSimulator.Build.0 = Release|Any CPU
		{6C5C17D3-E6E8-4201-B11F-7C50B02E8E3D}.AppStore|x64.ActiveCfg = Release|Any CPU
		{6C5C17D3-E6E8-4201-B11F-7C50B02E8E3D}.AppStore|x64.Build.0 = Release|Any CPU
		{6C5C17D3-E6E8-4201-B11F-7C50B02E8E3D}.AppStore|x86.ActiveCfg = Release|Any CPU
		{6C5C17D3-E6E8-4201-B11F-7C50B02E8E3D}.AppStore|x86.Build.0 = Release|Any CPU
		{6C5C17D3-E6E8-4201-B11F-7C50B02E8E3D}.Debug|Any CPU.ActiveCfg = Debug|Any CPU
		{6C5C17D3-E6E8-4201-B11F-7C50B02E8E3D}.Debug|Any CPU.Build.0 = Debug|Any CPU
		{6C5C17D3-E6E8-4201-B11F-7C50B02E8E3D}.Debug|ARM.ActiveCfg = Debug|Any CPU
		{6C5C17D3-E6E8-4201-B11F-7C50B02E8E3D}.Debug|ARM.Build.0 = Debug|Any CPU
		{6C5C17D3-E6E8-4201-B11F-7C50B02E8E3D}.Debug|iPhone.ActiveCfg = Debug|Any CPU
		{6C5C17D3-E6E8-4201-B11F-7C50B02E8E3D}.Debug|iPhone.Build.0 = Debug|Any CPU
		{6C5C17D3-E6E8-4201-B11F-7C50B02E8E3D}.Debug|iPhoneSimulator.ActiveCfg = Debug|Any CPU
		{6C5C17D3-E6E8-4201-B11F-7C50B02E8E3D}.Debug|iPhoneSimulator.Build.0 = Debug|Any CPU
		{6C5C17D3-E6E8-4201-B11F-7C50B02E8E3D}.Debug|x64.ActiveCfg = Debug|Any CPU
		{6C5C17D3-E6E8-4201-B11F-7C50B02E8E3D}.Debug|x64.Build.0 = Debug|Any CPU
		{6C5C17D3-E6E8-4201-B11F-7C50B02E8E3D}.Debug|x86.ActiveCfg = Debug|Any CPU
		{6C5C17D3-E6E8-4201-B11F-7C50B02E8E3D}.Debug|x86.Build.0 = Debug|Any CPU
		{6C5C17D3-E6E8-4201-B11F-7C50B02E8E3D}.NuProj|Any CPU.ActiveCfg = Debug|Any CPU
		{6C5C17D3-E6E8-4201-B11F-7C50B02E8E3D}.NuProj|ARM.ActiveCfg = Debug|Any CPU
		{6C5C17D3-E6E8-4201-B11F-7C50B02E8E3D}.NuProj|ARM.Build.0 = Debug|Any CPU
		{6C5C17D3-E6E8-4201-B11F-7C50B02E8E3D}.NuProj|iPhone.ActiveCfg = Debug|Any CPU
		{6C5C17D3-E6E8-4201-B11F-7C50B02E8E3D}.NuProj|iPhone.Build.0 = Debug|Any CPU
		{6C5C17D3-E6E8-4201-B11F-7C50B02E8E3D}.NuProj|iPhoneSimulator.ActiveCfg = Debug|Any CPU
		{6C5C17D3-E6E8-4201-B11F-7C50B02E8E3D}.NuProj|iPhoneSimulator.Build.0 = Debug|Any CPU
		{6C5C17D3-E6E8-4201-B11F-7C50B02E8E3D}.NuProj|x64.ActiveCfg = Debug|Any CPU
		{6C5C17D3-E6E8-4201-B11F-7C50B02E8E3D}.NuProj|x64.Build.0 = Debug|Any CPU
		{6C5C17D3-E6E8-4201-B11F-7C50B02E8E3D}.NuProj|x86.ActiveCfg = Debug|Any CPU
		{6C5C17D3-E6E8-4201-B11F-7C50B02E8E3D}.NuProj|x86.Build.0 = Debug|Any CPU
		{6C5C17D3-E6E8-4201-B11F-7C50B02E8E3D}.Release|Any CPU.ActiveCfg = Release|Any CPU
		{6C5C17D3-E6E8-4201-B11F-7C50B02E8E3D}.Release|Any CPU.Build.0 = Release|Any CPU
		{6C5C17D3-E6E8-4201-B11F-7C50B02E8E3D}.Release|ARM.ActiveCfg = Release|Any CPU
		{6C5C17D3-E6E8-4201-B11F-7C50B02E8E3D}.Release|ARM.Build.0 = Release|Any CPU
		{6C5C17D3-E6E8-4201-B11F-7C50B02E8E3D}.Release|iPhone.ActiveCfg = Release|Any CPU
		{6C5C17D3-E6E8-4201-B11F-7C50B02E8E3D}.Release|iPhone.Build.0 = Release|Any CPU
		{6C5C17D3-E6E8-4201-B11F-7C50B02E8E3D}.Release|iPhoneSimulator.ActiveCfg = Release|Any CPU
		{6C5C17D3-E6E8-4201-B11F-7C50B02E8E3D}.Release|iPhoneSimulator.Build.0 = Release|Any CPU
		{6C5C17D3-E6E8-4201-B11F-7C50B02E8E3D}.Release|x64.ActiveCfg = Release|Any CPU
		{6C5C17D3-E6E8-4201-B11F-7C50B02E8E3D}.Release|x64.Build.0 = Release|Any CPU
		{6C5C17D3-E6E8-4201-B11F-7C50B02E8E3D}.Release|x86.ActiveCfg = Release|Any CPU
		{6C5C17D3-E6E8-4201-B11F-7C50B02E8E3D}.Release|x86.Build.0 = Release|Any CPU
		{480A3B69-7110-400A-B06B-9F9E648D61E9}.Ad-Hoc|Any CPU.ActiveCfg = Release|Any CPU
		{480A3B69-7110-400A-B06B-9F9E648D61E9}.Ad-Hoc|Any CPU.Build.0 = Release|Any CPU
		{480A3B69-7110-400A-B06B-9F9E648D61E9}.Ad-Hoc|ARM.ActiveCfg = Release|Any CPU
		{480A3B69-7110-400A-B06B-9F9E648D61E9}.Ad-Hoc|ARM.Build.0 = Release|Any CPU
		{480A3B69-7110-400A-B06B-9F9E648D61E9}.Ad-Hoc|iPhone.ActiveCfg = Release|Any CPU
		{480A3B69-7110-400A-B06B-9F9E648D61E9}.Ad-Hoc|iPhone.Build.0 = Release|Any CPU
		{480A3B69-7110-400A-B06B-9F9E648D61E9}.Ad-Hoc|iPhoneSimulator.ActiveCfg = Release|Any CPU
		{480A3B69-7110-400A-B06B-9F9E648D61E9}.Ad-Hoc|iPhoneSimulator.Build.0 = Release|Any CPU
		{480A3B69-7110-400A-B06B-9F9E648D61E9}.Ad-Hoc|x64.ActiveCfg = Release|Any CPU
		{480A3B69-7110-400A-B06B-9F9E648D61E9}.Ad-Hoc|x64.Build.0 = Release|Any CPU
		{480A3B69-7110-400A-B06B-9F9E648D61E9}.Ad-Hoc|x86.ActiveCfg = Release|Any CPU
		{480A3B69-7110-400A-B06B-9F9E648D61E9}.Ad-Hoc|x86.Build.0 = Release|Any CPU
		{480A3B69-7110-400A-B06B-9F9E648D61E9}.AppStore|Any CPU.ActiveCfg = Release|Any CPU
		{480A3B69-7110-400A-B06B-9F9E648D61E9}.AppStore|Any CPU.Build.0 = Release|Any CPU
		{480A3B69-7110-400A-B06B-9F9E648D61E9}.AppStore|ARM.ActiveCfg = Release|Any CPU
		{480A3B69-7110-400A-B06B-9F9E648D61E9}.AppStore|ARM.Build.0 = Release|Any CPU
		{480A3B69-7110-400A-B06B-9F9E648D61E9}.AppStore|iPhone.ActiveCfg = Release|Any CPU
		{480A3B69-7110-400A-B06B-9F9E648D61E9}.AppStore|iPhone.Build.0 = Release|Any CPU
		{480A3B69-7110-400A-B06B-9F9E648D61E9}.AppStore|iPhoneSimulator.ActiveCfg = Release|Any CPU
		{480A3B69-7110-400A-B06B-9F9E648D61E9}.AppStore|iPhoneSimulator.Build.0 = Release|Any CPU
		{480A3B69-7110-400A-B06B-9F9E648D61E9}.AppStore|x64.ActiveCfg = Release|Any CPU
		{480A3B69-7110-400A-B06B-9F9E648D61E9}.AppStore|x64.Build.0 = Release|Any CPU
		{480A3B69-7110-400A-B06B-9F9E648D61E9}.AppStore|x86.ActiveCfg = Release|Any CPU
		{480A3B69-7110-400A-B06B-9F9E648D61E9}.AppStore|x86.Build.0 = Release|Any CPU
		{480A3B69-7110-400A-B06B-9F9E648D61E9}.Debug|Any CPU.ActiveCfg = Debug|Any CPU
		{480A3B69-7110-400A-B06B-9F9E648D61E9}.Debug|Any CPU.Build.0 = Debug|Any CPU
		{480A3B69-7110-400A-B06B-9F9E648D61E9}.Debug|ARM.ActiveCfg = Debug|Any CPU
		{480A3B69-7110-400A-B06B-9F9E648D61E9}.Debug|ARM.Build.0 = Debug|Any CPU
		{480A3B69-7110-400A-B06B-9F9E648D61E9}.Debug|iPhone.ActiveCfg = Debug|Any CPU
		{480A3B69-7110-400A-B06B-9F9E648D61E9}.Debug|iPhone.Build.0 = Debug|Any CPU
		{480A3B69-7110-400A-B06B-9F9E648D61E9}.Debug|iPhoneSimulator.ActiveCfg = Debug|Any CPU
		{480A3B69-7110-400A-B06B-9F9E648D61E9}.Debug|iPhoneSimulator.Build.0 = Debug|Any CPU
		{480A3B69-7110-400A-B06B-9F9E648D61E9}.Debug|x64.ActiveCfg = Debug|Any CPU
		{480A3B69-7110-400A-B06B-9F9E648D61E9}.Debug|x64.Build.0 = Debug|Any CPU
		{480A3B69-7110-400A-B06B-9F9E648D61E9}.Debug|x86.ActiveCfg = Debug|Any CPU
		{480A3B69-7110-400A-B06B-9F9E648D61E9}.Debug|x86.Build.0 = Debug|Any CPU
		{480A3B69-7110-400A-B06B-9F9E648D61E9}.NuProj|Any CPU.ActiveCfg = Debug|Any CPU
		{480A3B69-7110-400A-B06B-9F9E648D61E9}.NuProj|ARM.ActiveCfg = Debug|Any CPU
		{480A3B69-7110-400A-B06B-9F9E648D61E9}.NuProj|ARM.Build.0 = Debug|Any CPU
		{480A3B69-7110-400A-B06B-9F9E648D61E9}.NuProj|iPhone.ActiveCfg = Debug|Any CPU
		{480A3B69-7110-400A-B06B-9F9E648D61E9}.NuProj|iPhone.Build.0 = Debug|Any CPU
		{480A3B69-7110-400A-B06B-9F9E648D61E9}.NuProj|iPhoneSimulator.ActiveCfg = Debug|Any CPU
		{480A3B69-7110-400A-B06B-9F9E648D61E9}.NuProj|iPhoneSimulator.Build.0 = Debug|Any CPU
		{480A3B69-7110-400A-B06B-9F9E648D61E9}.NuProj|x64.ActiveCfg = Debug|Any CPU
		{480A3B69-7110-400A-B06B-9F9E648D61E9}.NuProj|x64.Build.0 = Debug|Any CPU
		{480A3B69-7110-400A-B06B-9F9E648D61E9}.NuProj|x86.ActiveCfg = Debug|Any CPU
		{480A3B69-7110-400A-B06B-9F9E648D61E9}.NuProj|x86.Build.0 = Debug|Any CPU
		{480A3B69-7110-400A-B06B-9F9E648D61E9}.Release|Any CPU.ActiveCfg = Release|Any CPU
		{480A3B69-7110-400A-B06B-9F9E648D61E9}.Release|Any CPU.Build.0 = Release|Any CPU
		{480A3B69-7110-400A-B06B-9F9E648D61E9}.Release|ARM.ActiveCfg = Release|Any CPU
		{480A3B69-7110-400A-B06B-9F9E648D61E9}.Release|ARM.Build.0 = Release|Any CPU
		{480A3B69-7110-400A-B06B-9F9E648D61E9}.Release|iPhone.ActiveCfg = Release|Any CPU
		{480A3B69-7110-400A-B06B-9F9E648D61E9}.Release|iPhone.Build.0 = Release|Any CPU
		{480A3B69-7110-400A-B06B-9F9E648D61E9}.Release|iPhoneSimulator.ActiveCfg = Release|Any CPU
		{480A3B69-7110-400A-B06B-9F9E648D61E9}.Release|iPhoneSimulator.Build.0 = Release|Any CPU
		{480A3B69-7110-400A-B06B-9F9E648D61E9}.Release|x64.ActiveCfg = Release|Any CPU
		{480A3B69-7110-400A-B06B-9F9E648D61E9}.Release|x64.Build.0 = Release|Any CPU
		{480A3B69-7110-400A-B06B-9F9E648D61E9}.Release|x86.ActiveCfg = Release|Any CPU
		{480A3B69-7110-400A-B06B-9F9E648D61E9}.Release|x86.Build.0 = Release|Any CPU
		{C8105E62-05B2-4301-BDD0-A0EAA21F3564}.Ad-Hoc|Any CPU.ActiveCfg = Release|Any CPU
		{C8105E62-05B2-4301-BDD0-A0EAA21F3564}.Ad-Hoc|Any CPU.Build.0 = Release|Any CPU
		{C8105E62-05B2-4301-BDD0-A0EAA21F3564}.Ad-Hoc|ARM.ActiveCfg = Release|Any CPU
		{C8105E62-05B2-4301-BDD0-A0EAA21F3564}.Ad-Hoc|ARM.Build.0 = Release|Any CPU
		{C8105E62-05B2-4301-BDD0-A0EAA21F3564}.Ad-Hoc|iPhone.ActiveCfg = Release|Any CPU
		{C8105E62-05B2-4301-BDD0-A0EAA21F3564}.Ad-Hoc|iPhone.Build.0 = Release|Any CPU
		{C8105E62-05B2-4301-BDD0-A0EAA21F3564}.Ad-Hoc|iPhoneSimulator.ActiveCfg = Release|Any CPU
		{C8105E62-05B2-4301-BDD0-A0EAA21F3564}.Ad-Hoc|iPhoneSimulator.Build.0 = Release|Any CPU
		{C8105E62-05B2-4301-BDD0-A0EAA21F3564}.Ad-Hoc|x64.ActiveCfg = Release|Any CPU
		{C8105E62-05B2-4301-BDD0-A0EAA21F3564}.Ad-Hoc|x64.Build.0 = Release|Any CPU
		{C8105E62-05B2-4301-BDD0-A0EAA21F3564}.Ad-Hoc|x86.ActiveCfg = Release|Any CPU
		{C8105E62-05B2-4301-BDD0-A0EAA21F3564}.Ad-Hoc|x86.Build.0 = Release|Any CPU
		{C8105E62-05B2-4301-BDD0-A0EAA21F3564}.AppStore|Any CPU.ActiveCfg = Release|Any CPU
		{C8105E62-05B2-4301-BDD0-A0EAA21F3564}.AppStore|Any CPU.Build.0 = Release|Any CPU
		{C8105E62-05B2-4301-BDD0-A0EAA21F3564}.AppStore|ARM.ActiveCfg = Release|Any CPU
		{C8105E62-05B2-4301-BDD0-A0EAA21F3564}.AppStore|ARM.Build.0 = Release|Any CPU
		{C8105E62-05B2-4301-BDD0-A0EAA21F3564}.AppStore|iPhone.ActiveCfg = Release|Any CPU
		{C8105E62-05B2-4301-BDD0-A0EAA21F3564}.AppStore|iPhone.Build.0 = Release|Any CPU
		{C8105E62-05B2-4301-BDD0-A0EAA21F3564}.AppStore|iPhoneSimulator.ActiveCfg = Release|Any CPU
		{C8105E62-05B2-4301-BDD0-A0EAA21F3564}.AppStore|iPhoneSimulator.Build.0 = Release|Any CPU
		{C8105E62-05B2-4301-BDD0-A0EAA21F3564}.AppStore|x64.ActiveCfg = Release|Any CPU
		{C8105E62-05B2-4301-BDD0-A0EAA21F3564}.AppStore|x64.Build.0 = Release|Any CPU
		{C8105E62-05B2-4301-BDD0-A0EAA21F3564}.AppStore|x86.ActiveCfg = Release|Any CPU
		{C8105E62-05B2-4301-BDD0-A0EAA21F3564}.AppStore|x86.Build.0 = Release|Any CPU
		{C8105E62-05B2-4301-BDD0-A0EAA21F3564}.Debug|Any CPU.ActiveCfg = Debug|Any CPU
		{C8105E62-05B2-4301-BDD0-A0EAA21F3564}.Debug|Any CPU.Build.0 = Debug|Any CPU
		{C8105E62-05B2-4301-BDD0-A0EAA21F3564}.Debug|ARM.ActiveCfg = Debug|Any CPU
		{C8105E62-05B2-4301-BDD0-A0EAA21F3564}.Debug|ARM.Build.0 = Debug|Any CPU
		{C8105E62-05B2-4301-BDD0-A0EAA21F3564}.Debug|iPhone.ActiveCfg = Debug|Any CPU
		{C8105E62-05B2-4301-BDD0-A0EAA21F3564}.Debug|iPhone.Build.0 = Debug|Any CPU
		{C8105E62-05B2-4301-BDD0-A0EAA21F3564}.Debug|iPhoneSimulator.ActiveCfg = Debug|Any CPU
		{C8105E62-05B2-4301-BDD0-A0EAA21F3564}.Debug|iPhoneSimulator.Build.0 = Debug|Any CPU
		{C8105E62-05B2-4301-BDD0-A0EAA21F3564}.Debug|x64.ActiveCfg = Debug|Any CPU
		{C8105E62-05B2-4301-BDD0-A0EAA21F3564}.Debug|x64.Build.0 = Debug|Any CPU
		{C8105E62-05B2-4301-BDD0-A0EAA21F3564}.Debug|x86.ActiveCfg = Debug|Any CPU
		{C8105E62-05B2-4301-BDD0-A0EAA21F3564}.Debug|x86.Build.0 = Debug|Any CPU
		{C8105E62-05B2-4301-BDD0-A0EAA21F3564}.NuProj|Any CPU.ActiveCfg = Debug|Any CPU
		{C8105E62-05B2-4301-BDD0-A0EAA21F3564}.NuProj|ARM.ActiveCfg = Debug|Any CPU
		{C8105E62-05B2-4301-BDD0-A0EAA21F3564}.NuProj|ARM.Build.0 = Debug|Any CPU
		{C8105E62-05B2-4301-BDD0-A0EAA21F3564}.NuProj|iPhone.ActiveCfg = Debug|Any CPU
		{C8105E62-05B2-4301-BDD0-A0EAA21F3564}.NuProj|iPhone.Build.0 = Debug|Any CPU
		{C8105E62-05B2-4301-BDD0-A0EAA21F3564}.NuProj|iPhoneSimulator.ActiveCfg = Debug|Any CPU
		{C8105E62-05B2-4301-BDD0-A0EAA21F3564}.NuProj|iPhoneSimulator.Build.0 = Debug|Any CPU
		{C8105E62-05B2-4301-BDD0-A0EAA21F3564}.NuProj|x64.ActiveCfg = Debug|Any CPU
		{C8105E62-05B2-4301-BDD0-A0EAA21F3564}.NuProj|x64.Build.0 = Debug|Any CPU
		{C8105E62-05B2-4301-BDD0-A0EAA21F3564}.NuProj|x86.ActiveCfg = Debug|Any CPU
		{C8105E62-05B2-4301-BDD0-A0EAA21F3564}.NuProj|x86.Build.0 = Debug|Any CPU
		{C8105E62-05B2-4301-BDD0-A0EAA21F3564}.Release|Any CPU.ActiveCfg = Release|Any CPU
		{C8105E62-05B2-4301-BDD0-A0EAA21F3564}.Release|Any CPU.Build.0 = Release|Any CPU
		{C8105E62-05B2-4301-BDD0-A0EAA21F3564}.Release|ARM.ActiveCfg = Release|Any CPU
		{C8105E62-05B2-4301-BDD0-A0EAA21F3564}.Release|ARM.Build.0 = Release|Any CPU
		{C8105E62-05B2-4301-BDD0-A0EAA21F3564}.Release|iPhone.ActiveCfg = Release|Any CPU
		{C8105E62-05B2-4301-BDD0-A0EAA21F3564}.Release|iPhone.Build.0 = Release|Any CPU
		{C8105E62-05B2-4301-BDD0-A0EAA21F3564}.Release|iPhoneSimulator.ActiveCfg = Release|Any CPU
		{C8105E62-05B2-4301-BDD0-A0EAA21F3564}.Release|iPhoneSimulator.Build.0 = Release|Any CPU
		{C8105E62-05B2-4301-BDD0-A0EAA21F3564}.Release|x64.ActiveCfg = Release|Any CPU
		{C8105E62-05B2-4301-BDD0-A0EAA21F3564}.Release|x64.Build.0 = Release|Any CPU
		{C8105E62-05B2-4301-BDD0-A0EAA21F3564}.Release|x86.ActiveCfg = Release|Any CPU
		{C8105E62-05B2-4301-BDD0-A0EAA21F3564}.Release|x86.Build.0 = Release|Any CPU
		{88F99257-B7A1-4C67-B134-7BDAD63AEEF1}.Ad-Hoc|Any CPU.ActiveCfg = Release|Any CPU
		{88F99257-B7A1-4C67-B134-7BDAD63AEEF1}.Ad-Hoc|Any CPU.Build.0 = Release|Any CPU
		{88F99257-B7A1-4C67-B134-7BDAD63AEEF1}.Ad-Hoc|ARM.ActiveCfg = Release|Any CPU
		{88F99257-B7A1-4C67-B134-7BDAD63AEEF1}.Ad-Hoc|ARM.Build.0 = Release|Any CPU
		{88F99257-B7A1-4C67-B134-7BDAD63AEEF1}.Ad-Hoc|iPhone.ActiveCfg = Release|Any CPU
		{88F99257-B7A1-4C67-B134-7BDAD63AEEF1}.Ad-Hoc|iPhone.Build.0 = Release|Any CPU
		{88F99257-B7A1-4C67-B134-7BDAD63AEEF1}.Ad-Hoc|iPhoneSimulator.ActiveCfg = Release|Any CPU
		{88F99257-B7A1-4C67-B134-7BDAD63AEEF1}.Ad-Hoc|iPhoneSimulator.Build.0 = Release|Any CPU
		{88F99257-B7A1-4C67-B134-7BDAD63AEEF1}.Ad-Hoc|x64.ActiveCfg = Release|Any CPU
		{88F99257-B7A1-4C67-B134-7BDAD63AEEF1}.Ad-Hoc|x64.Build.0 = Release|Any CPU
		{88F99257-B7A1-4C67-B134-7BDAD63AEEF1}.Ad-Hoc|x86.ActiveCfg = Release|Any CPU
		{88F99257-B7A1-4C67-B134-7BDAD63AEEF1}.Ad-Hoc|x86.Build.0 = Release|Any CPU
		{88F99257-B7A1-4C67-B134-7BDAD63AEEF1}.AppStore|Any CPU.ActiveCfg = Release|Any CPU
		{88F99257-B7A1-4C67-B134-7BDAD63AEEF1}.AppStore|Any CPU.Build.0 = Release|Any CPU
		{88F99257-B7A1-4C67-B134-7BDAD63AEEF1}.AppStore|ARM.ActiveCfg = Release|Any CPU
		{88F99257-B7A1-4C67-B134-7BDAD63AEEF1}.AppStore|ARM.Build.0 = Release|Any CPU
		{88F99257-B7A1-4C67-B134-7BDAD63AEEF1}.AppStore|iPhone.ActiveCfg = Release|Any CPU
		{88F99257-B7A1-4C67-B134-7BDAD63AEEF1}.AppStore|iPhone.Build.0 = Release|Any CPU
		{88F99257-B7A1-4C67-B134-7BDAD63AEEF1}.AppStore|iPhoneSimulator.ActiveCfg = Release|Any CPU
		{88F99257-B7A1-4C67-B134-7BDAD63AEEF1}.AppStore|iPhoneSimulator.Build.0 = Release|Any CPU
		{88F99257-B7A1-4C67-B134-7BDAD63AEEF1}.AppStore|x64.ActiveCfg = Release|Any CPU
		{88F99257-B7A1-4C67-B134-7BDAD63AEEF1}.AppStore|x64.Build.0 = Release|Any CPU
		{88F99257-B7A1-4C67-B134-7BDAD63AEEF1}.AppStore|x86.ActiveCfg = Release|Any CPU
		{88F99257-B7A1-4C67-B134-7BDAD63AEEF1}.AppStore|x86.Build.0 = Release|Any CPU
		{88F99257-B7A1-4C67-B134-7BDAD63AEEF1}.Debug|Any CPU.ActiveCfg = Debug|Any CPU
		{88F99257-B7A1-4C67-B134-7BDAD63AEEF1}.Debug|Any CPU.Build.0 = Debug|Any CPU
		{88F99257-B7A1-4C67-B134-7BDAD63AEEF1}.Debug|ARM.ActiveCfg = Debug|Any CPU
		{88F99257-B7A1-4C67-B134-7BDAD63AEEF1}.Debug|ARM.Build.0 = Debug|Any CPU
		{88F99257-B7A1-4C67-B134-7BDAD63AEEF1}.Debug|iPhone.ActiveCfg = Debug|Any CPU
		{88F99257-B7A1-4C67-B134-7BDAD63AEEF1}.Debug|iPhone.Build.0 = Debug|Any CPU
		{88F99257-B7A1-4C67-B134-7BDAD63AEEF1}.Debug|iPhoneSimulator.ActiveCfg = Debug|Any CPU
		{88F99257-B7A1-4C67-B134-7BDAD63AEEF1}.Debug|iPhoneSimulator.Build.0 = Debug|Any CPU
		{88F99257-B7A1-4C67-B134-7BDAD63AEEF1}.Debug|x64.ActiveCfg = Debug|Any CPU
		{88F99257-B7A1-4C67-B134-7BDAD63AEEF1}.Debug|x64.Build.0 = Debug|Any CPU
		{88F99257-B7A1-4C67-B134-7BDAD63AEEF1}.Debug|x86.ActiveCfg = Debug|Any CPU
		{88F99257-B7A1-4C67-B134-7BDAD63AEEF1}.Debug|x86.Build.0 = Debug|Any CPU
		{88F99257-B7A1-4C67-B134-7BDAD63AEEF1}.NuProj|Any CPU.ActiveCfg = Debug|Any CPU
		{88F99257-B7A1-4C67-B134-7BDAD63AEEF1}.NuProj|ARM.ActiveCfg = Debug|Any CPU
		{88F99257-B7A1-4C67-B134-7BDAD63AEEF1}.NuProj|ARM.Build.0 = Debug|Any CPU
		{88F99257-B7A1-4C67-B134-7BDAD63AEEF1}.NuProj|iPhone.ActiveCfg = Debug|Any CPU
		{88F99257-B7A1-4C67-B134-7BDAD63AEEF1}.NuProj|iPhone.Build.0 = Debug|Any CPU
		{88F99257-B7A1-4C67-B134-7BDAD63AEEF1}.NuProj|iPhoneSimulator.ActiveCfg = Debug|Any CPU
		{88F99257-B7A1-4C67-B134-7BDAD63AEEF1}.NuProj|iPhoneSimulator.Build.0 = Debug|Any CPU
		{88F99257-B7A1-4C67-B134-7BDAD63AEEF1}.NuProj|x64.ActiveCfg = Debug|Any CPU
		{88F99257-B7A1-4C67-B134-7BDAD63AEEF1}.NuProj|x64.Build.0 = Debug|Any CPU
		{88F99257-B7A1-4C67-B134-7BDAD63AEEF1}.NuProj|x86.ActiveCfg = Debug|Any CPU
		{88F99257-B7A1-4C67-B134-7BDAD63AEEF1}.NuProj|x86.Build.0 = Debug|Any CPU
		{88F99257-B7A1-4C67-B134-7BDAD63AEEF1}.Release|Any CPU.ActiveCfg = Release|Any CPU
		{88F99257-B7A1-4C67-B134-7BDAD63AEEF1}.Release|Any CPU.Build.0 = Release|Any CPU
		{88F99257-B7A1-4C67-B134-7BDAD63AEEF1}.Release|ARM.ActiveCfg = Release|Any CPU
		{88F99257-B7A1-4C67-B134-7BDAD63AEEF1}.Release|ARM.Build.0 = Release|Any CPU
		{88F99257-B7A1-4C67-B134-7BDAD63AEEF1}.Release|iPhone.ActiveCfg = Release|Any CPU
		{88F99257-B7A1-4C67-B134-7BDAD63AEEF1}.Release|iPhone.Build.0 = Release|Any CPU
		{88F99257-B7A1-4C67-B134-7BDAD63AEEF1}.Release|iPhoneSimulator.ActiveCfg = Release|Any CPU
		{88F99257-B7A1-4C67-B134-7BDAD63AEEF1}.Release|iPhoneSimulator.Build.0 = Release|Any CPU
		{88F99257-B7A1-4C67-B134-7BDAD63AEEF1}.Release|x64.ActiveCfg = Release|Any CPU
		{88F99257-B7A1-4C67-B134-7BDAD63AEEF1}.Release|x64.Build.0 = Release|Any CPU
		{88F99257-B7A1-4C67-B134-7BDAD63AEEF1}.Release|x86.ActiveCfg = Release|Any CPU
		{88F99257-B7A1-4C67-B134-7BDAD63AEEF1}.Release|x86.Build.0 = Release|Any CPU
		{0E2E8AEC-8DC9-4C9D-8680-903805F92FD4}.Ad-Hoc|Any CPU.ActiveCfg = Release|Any CPU
		{0E2E8AEC-8DC9-4C9D-8680-903805F92FD4}.Ad-Hoc|Any CPU.Build.0 = Release|Any CPU
		{0E2E8AEC-8DC9-4C9D-8680-903805F92FD4}.Ad-Hoc|ARM.ActiveCfg = Release|Any CPU
		{0E2E8AEC-8DC9-4C9D-8680-903805F92FD4}.Ad-Hoc|ARM.Build.0 = Release|Any CPU
		{0E2E8AEC-8DC9-4C9D-8680-903805F92FD4}.Ad-Hoc|iPhone.ActiveCfg = Release|Any CPU
		{0E2E8AEC-8DC9-4C9D-8680-903805F92FD4}.Ad-Hoc|iPhone.Build.0 = Release|Any CPU
		{0E2E8AEC-8DC9-4C9D-8680-903805F92FD4}.Ad-Hoc|iPhoneSimulator.ActiveCfg = Release|Any CPU
		{0E2E8AEC-8DC9-4C9D-8680-903805F92FD4}.Ad-Hoc|iPhoneSimulator.Build.0 = Release|Any CPU
		{0E2E8AEC-8DC9-4C9D-8680-903805F92FD4}.Ad-Hoc|x64.ActiveCfg = Release|Any CPU
		{0E2E8AEC-8DC9-4C9D-8680-903805F92FD4}.Ad-Hoc|x64.Build.0 = Release|Any CPU
		{0E2E8AEC-8DC9-4C9D-8680-903805F92FD4}.Ad-Hoc|x86.ActiveCfg = Release|Any CPU
		{0E2E8AEC-8DC9-4C9D-8680-903805F92FD4}.Ad-Hoc|x86.Build.0 = Release|Any CPU
		{0E2E8AEC-8DC9-4C9D-8680-903805F92FD4}.AppStore|Any CPU.ActiveCfg = Release|Any CPU
		{0E2E8AEC-8DC9-4C9D-8680-903805F92FD4}.AppStore|Any CPU.Build.0 = Release|Any CPU
		{0E2E8AEC-8DC9-4C9D-8680-903805F92FD4}.AppStore|ARM.ActiveCfg = Release|Any CPU
		{0E2E8AEC-8DC9-4C9D-8680-903805F92FD4}.AppStore|ARM.Build.0 = Release|Any CPU
		{0E2E8AEC-8DC9-4C9D-8680-903805F92FD4}.AppStore|iPhone.ActiveCfg = Release|Any CPU
		{0E2E8AEC-8DC9-4C9D-8680-903805F92FD4}.AppStore|iPhone.Build.0 = Release|Any CPU
		{0E2E8AEC-8DC9-4C9D-8680-903805F92FD4}.AppStore|iPhoneSimulator.ActiveCfg = Release|Any CPU
		{0E2E8AEC-8DC9-4C9D-8680-903805F92FD4}.AppStore|iPhoneSimulator.Build.0 = Release|Any CPU
		{0E2E8AEC-8DC9-4C9D-8680-903805F92FD4}.AppStore|x64.ActiveCfg = Release|Any CPU
		{0E2E8AEC-8DC9-4C9D-8680-903805F92FD4}.AppStore|x64.Build.0 = Release|Any CPU
		{0E2E8AEC-8DC9-4C9D-8680-903805F92FD4}.AppStore|x86.ActiveCfg = Release|Any CPU
		{0E2E8AEC-8DC9-4C9D-8680-903805F92FD4}.AppStore|x86.Build.0 = Release|Any CPU
		{0E2E8AEC-8DC9-4C9D-8680-903805F92FD4}.Debug|Any CPU.ActiveCfg = Debug|Any CPU
		{0E2E8AEC-8DC9-4C9D-8680-903805F92FD4}.Debug|Any CPU.Build.0 = Debug|Any CPU
		{0E2E8AEC-8DC9-4C9D-8680-903805F92FD4}.Debug|ARM.ActiveCfg = Debug|Any CPU
		{0E2E8AEC-8DC9-4C9D-8680-903805F92FD4}.Debug|ARM.Build.0 = Debug|Any CPU
		{0E2E8AEC-8DC9-4C9D-8680-903805F92FD4}.Debug|iPhone.ActiveCfg = Debug|Any CPU
		{0E2E8AEC-8DC9-4C9D-8680-903805F92FD4}.Debug|iPhone.Build.0 = Debug|Any CPU
		{0E2E8AEC-8DC9-4C9D-8680-903805F92FD4}.Debug|iPhoneSimulator.ActiveCfg = Debug|Any CPU
		{0E2E8AEC-8DC9-4C9D-8680-903805F92FD4}.Debug|iPhoneSimulator.Build.0 = Debug|Any CPU
		{0E2E8AEC-8DC9-4C9D-8680-903805F92FD4}.Debug|x64.ActiveCfg = Debug|Any CPU
		{0E2E8AEC-8DC9-4C9D-8680-903805F92FD4}.Debug|x64.Build.0 = Debug|Any CPU
		{0E2E8AEC-8DC9-4C9D-8680-903805F92FD4}.Debug|x86.ActiveCfg = Debug|Any CPU
		{0E2E8AEC-8DC9-4C9D-8680-903805F92FD4}.Debug|x86.Build.0 = Debug|Any CPU
		{0E2E8AEC-8DC9-4C9D-8680-903805F92FD4}.NuProj|Any CPU.ActiveCfg = Debug|Any CPU
		{0E2E8AEC-8DC9-4C9D-8680-903805F92FD4}.NuProj|ARM.ActiveCfg = Debug|Any CPU
		{0E2E8AEC-8DC9-4C9D-8680-903805F92FD4}.NuProj|ARM.Build.0 = Debug|Any CPU
		{0E2E8AEC-8DC9-4C9D-8680-903805F92FD4}.NuProj|iPhone.ActiveCfg = Debug|Any CPU
		{0E2E8AEC-8DC9-4C9D-8680-903805F92FD4}.NuProj|iPhone.Build.0 = Debug|Any CPU
		{0E2E8AEC-8DC9-4C9D-8680-903805F92FD4}.NuProj|iPhoneSimulator.ActiveCfg = Debug|Any CPU
		{0E2E8AEC-8DC9-4C9D-8680-903805F92FD4}.NuProj|iPhoneSimulator.Build.0 = Debug|Any CPU
		{0E2E8AEC-8DC9-4C9D-8680-903805F92FD4}.NuProj|x64.ActiveCfg = Debug|Any CPU
		{0E2E8AEC-8DC9-4C9D-8680-903805F92FD4}.NuProj|x64.Build.0 = Debug|Any CPU
		{0E2E8AEC-8DC9-4C9D-8680-903805F92FD4}.NuProj|x86.ActiveCfg = Debug|Any CPU
		{0E2E8AEC-8DC9-4C9D-8680-903805F92FD4}.NuProj|x86.Build.0 = Debug|Any CPU
		{0E2E8AEC-8DC9-4C9D-8680-903805F92FD4}.Release|Any CPU.ActiveCfg = Release|Any CPU
		{0E2E8AEC-8DC9-4C9D-8680-903805F92FD4}.Release|Any CPU.Build.0 = Release|Any CPU
		{0E2E8AEC-8DC9-4C9D-8680-903805F92FD4}.Release|ARM.ActiveCfg = Release|Any CPU
		{0E2E8AEC-8DC9-4C9D-8680-903805F92FD4}.Release|ARM.Build.0 = Release|Any CPU
		{0E2E8AEC-8DC9-4C9D-8680-903805F92FD4}.Release|iPhone.ActiveCfg = Release|Any CPU
		{0E2E8AEC-8DC9-4C9D-8680-903805F92FD4}.Release|iPhone.Build.0 = Release|Any CPU
		{0E2E8AEC-8DC9-4C9D-8680-903805F92FD4}.Release|iPhoneSimulator.ActiveCfg = Release|Any CPU
		{0E2E8AEC-8DC9-4C9D-8680-903805F92FD4}.Release|iPhoneSimulator.Build.0 = Release|Any CPU
		{0E2E8AEC-8DC9-4C9D-8680-903805F92FD4}.Release|x64.ActiveCfg = Release|Any CPU
		{0E2E8AEC-8DC9-4C9D-8680-903805F92FD4}.Release|x64.Build.0 = Release|Any CPU
		{0E2E8AEC-8DC9-4C9D-8680-903805F92FD4}.Release|x86.ActiveCfg = Release|Any CPU
		{0E2E8AEC-8DC9-4C9D-8680-903805F92FD4}.Release|x86.Build.0 = Release|Any CPU
		{BBB5402C-92F6-4E2D-BD9F-5CA6EB79CF27}.Ad-Hoc|Any CPU.ActiveCfg = Release|Any CPU
		{BBB5402C-92F6-4E2D-BD9F-5CA6EB79CF27}.Ad-Hoc|Any CPU.Build.0 = Release|Any CPU
		{BBB5402C-92F6-4E2D-BD9F-5CA6EB79CF27}.Ad-Hoc|ARM.ActiveCfg = Release|Any CPU
		{BBB5402C-92F6-4E2D-BD9F-5CA6EB79CF27}.Ad-Hoc|ARM.Build.0 = Release|Any CPU
		{BBB5402C-92F6-4E2D-BD9F-5CA6EB79CF27}.Ad-Hoc|iPhone.ActiveCfg = Release|Any CPU
		{BBB5402C-92F6-4E2D-BD9F-5CA6EB79CF27}.Ad-Hoc|iPhone.Build.0 = Release|Any CPU
		{BBB5402C-92F6-4E2D-BD9F-5CA6EB79CF27}.Ad-Hoc|iPhoneSimulator.ActiveCfg = Release|Any CPU
		{BBB5402C-92F6-4E2D-BD9F-5CA6EB79CF27}.Ad-Hoc|iPhoneSimulator.Build.0 = Release|Any CPU
		{BBB5402C-92F6-4E2D-BD9F-5CA6EB79CF27}.Ad-Hoc|x64.ActiveCfg = Release|Any CPU
		{BBB5402C-92F6-4E2D-BD9F-5CA6EB79CF27}.Ad-Hoc|x64.Build.0 = Release|Any CPU
		{BBB5402C-92F6-4E2D-BD9F-5CA6EB79CF27}.Ad-Hoc|x86.ActiveCfg = Release|Any CPU
		{BBB5402C-92F6-4E2D-BD9F-5CA6EB79CF27}.Ad-Hoc|x86.Build.0 = Release|Any CPU
		{BBB5402C-92F6-4E2D-BD9F-5CA6EB79CF27}.AppStore|Any CPU.ActiveCfg = Release|Any CPU
		{BBB5402C-92F6-4E2D-BD9F-5CA6EB79CF27}.AppStore|Any CPU.Build.0 = Release|Any CPU
		{BBB5402C-92F6-4E2D-BD9F-5CA6EB79CF27}.AppStore|ARM.ActiveCfg = Release|Any CPU
		{BBB5402C-92F6-4E2D-BD9F-5CA6EB79CF27}.AppStore|ARM.Build.0 = Release|Any CPU
		{BBB5402C-92F6-4E2D-BD9F-5CA6EB79CF27}.AppStore|iPhone.ActiveCfg = Release|Any CPU
		{BBB5402C-92F6-4E2D-BD9F-5CA6EB79CF27}.AppStore|iPhone.Build.0 = Release|Any CPU
		{BBB5402C-92F6-4E2D-BD9F-5CA6EB79CF27}.AppStore|iPhoneSimulator.ActiveCfg = Release|Any CPU
		{BBB5402C-92F6-4E2D-BD9F-5CA6EB79CF27}.AppStore|iPhoneSimulator.Build.0 = Release|Any CPU
		{BBB5402C-92F6-4E2D-BD9F-5CA6EB79CF27}.AppStore|x64.ActiveCfg = Release|Any CPU
		{BBB5402C-92F6-4E2D-BD9F-5CA6EB79CF27}.AppStore|x64.Build.0 = Release|Any CPU
		{BBB5402C-92F6-4E2D-BD9F-5CA6EB79CF27}.AppStore|x86.ActiveCfg = Release|Any CPU
		{BBB5402C-92F6-4E2D-BD9F-5CA6EB79CF27}.AppStore|x86.Build.0 = Release|Any CPU
		{BBB5402C-92F6-4E2D-BD9F-5CA6EB79CF27}.Debug|Any CPU.ActiveCfg = Debug|Any CPU
		{BBB5402C-92F6-4E2D-BD9F-5CA6EB79CF27}.Debug|Any CPU.Build.0 = Debug|Any CPU
		{BBB5402C-92F6-4E2D-BD9F-5CA6EB79CF27}.Debug|ARM.ActiveCfg = Debug|Any CPU
		{BBB5402C-92F6-4E2D-BD9F-5CA6EB79CF27}.Debug|ARM.Build.0 = Debug|Any CPU
		{BBB5402C-92F6-4E2D-BD9F-5CA6EB79CF27}.Debug|iPhone.ActiveCfg = Debug|Any CPU
		{BBB5402C-92F6-4E2D-BD9F-5CA6EB79CF27}.Debug|iPhone.Build.0 = Debug|Any CPU
		{BBB5402C-92F6-4E2D-BD9F-5CA6EB79CF27}.Debug|iPhoneSimulator.ActiveCfg = Debug|Any CPU
		{BBB5402C-92F6-4E2D-BD9F-5CA6EB79CF27}.Debug|iPhoneSimulator.Build.0 = Debug|Any CPU
		{BBB5402C-92F6-4E2D-BD9F-5CA6EB79CF27}.Debug|x64.ActiveCfg = Debug|Any CPU
		{BBB5402C-92F6-4E2D-BD9F-5CA6EB79CF27}.Debug|x64.Build.0 = Debug|Any CPU
		{BBB5402C-92F6-4E2D-BD9F-5CA6EB79CF27}.Debug|x86.ActiveCfg = Debug|Any CPU
		{BBB5402C-92F6-4E2D-BD9F-5CA6EB79CF27}.Debug|x86.Build.0 = Debug|Any CPU
		{BBB5402C-92F6-4E2D-BD9F-5CA6EB79CF27}.NuProj|Any CPU.ActiveCfg = Debug|Any CPU
		{BBB5402C-92F6-4E2D-BD9F-5CA6EB79CF27}.NuProj|ARM.ActiveCfg = Debug|Any CPU
		{BBB5402C-92F6-4E2D-BD9F-5CA6EB79CF27}.NuProj|ARM.Build.0 = Debug|Any CPU
		{BBB5402C-92F6-4E2D-BD9F-5CA6EB79CF27}.NuProj|iPhone.ActiveCfg = Debug|Any CPU
		{BBB5402C-92F6-4E2D-BD9F-5CA6EB79CF27}.NuProj|iPhone.Build.0 = Debug|Any CPU
		{BBB5402C-92F6-4E2D-BD9F-5CA6EB79CF27}.NuProj|iPhoneSimulator.ActiveCfg = Debug|Any CPU
		{BBB5402C-92F6-4E2D-BD9F-5CA6EB79CF27}.NuProj|iPhoneSimulator.Build.0 = Debug|Any CPU
		{BBB5402C-92F6-4E2D-BD9F-5CA6EB79CF27}.NuProj|x64.ActiveCfg = Debug|Any CPU
		{BBB5402C-92F6-4E2D-BD9F-5CA6EB79CF27}.NuProj|x64.Build.0 = Debug|Any CPU
		{BBB5402C-92F6-4E2D-BD9F-5CA6EB79CF27}.NuProj|x86.ActiveCfg = Debug|Any CPU
		{BBB5402C-92F6-4E2D-BD9F-5CA6EB79CF27}.NuProj|x86.Build.0 = Debug|Any CPU
		{BBB5402C-92F6-4E2D-BD9F-5CA6EB79CF27}.Release|Any CPU.ActiveCfg = Release|Any CPU
		{BBB5402C-92F6-4E2D-BD9F-5CA6EB79CF27}.Release|Any CPU.Build.0 = Release|Any CPU
		{BBB5402C-92F6-4E2D-BD9F-5CA6EB79CF27}.Release|ARM.ActiveCfg = Release|Any CPU
		{BBB5402C-92F6-4E2D-BD9F-5CA6EB79CF27}.Release|ARM.Build.0 = Release|Any CPU
		{BBB5402C-92F6-4E2D-BD9F-5CA6EB79CF27}.Release|iPhone.ActiveCfg = Release|Any CPU
		{BBB5402C-92F6-4E2D-BD9F-5CA6EB79CF27}.Release|iPhone.Build.0 = Release|Any CPU
		{BBB5402C-92F6-4E2D-BD9F-5CA6EB79CF27}.Release|iPhoneSimulator.ActiveCfg = Release|Any CPU
		{BBB5402C-92F6-4E2D-BD9F-5CA6EB79CF27}.Release|iPhoneSimulator.Build.0 = Release|Any CPU
		{BBB5402C-92F6-4E2D-BD9F-5CA6EB79CF27}.Release|x64.ActiveCfg = Release|Any CPU
		{BBB5402C-92F6-4E2D-BD9F-5CA6EB79CF27}.Release|x64.Build.0 = Release|Any CPU
		{BBB5402C-92F6-4E2D-BD9F-5CA6EB79CF27}.Release|x86.ActiveCfg = Release|Any CPU
		{BBB5402C-92F6-4E2D-BD9F-5CA6EB79CF27}.Release|x86.Build.0 = Release|Any CPU
		{F9F8EC0B-D46D-40EC-BABF-F9D499CE451A}.Ad-Hoc|Any CPU.ActiveCfg = Release|Any CPU
		{F9F8EC0B-D46D-40EC-BABF-F9D499CE451A}.Ad-Hoc|Any CPU.Build.0 = Release|Any CPU
		{F9F8EC0B-D46D-40EC-BABF-F9D499CE451A}.Ad-Hoc|ARM.ActiveCfg = Release|Any CPU
		{F9F8EC0B-D46D-40EC-BABF-F9D499CE451A}.Ad-Hoc|ARM.Build.0 = Release|Any CPU
		{F9F8EC0B-D46D-40EC-BABF-F9D499CE451A}.Ad-Hoc|iPhone.ActiveCfg = Release|Any CPU
		{F9F8EC0B-D46D-40EC-BABF-F9D499CE451A}.Ad-Hoc|iPhone.Build.0 = Release|Any CPU
		{F9F8EC0B-D46D-40EC-BABF-F9D499CE451A}.Ad-Hoc|iPhoneSimulator.ActiveCfg = Release|Any CPU
		{F9F8EC0B-D46D-40EC-BABF-F9D499CE451A}.Ad-Hoc|iPhoneSimulator.Build.0 = Release|Any CPU
		{F9F8EC0B-D46D-40EC-BABF-F9D499CE451A}.Ad-Hoc|x64.ActiveCfg = Release|Any CPU
		{F9F8EC0B-D46D-40EC-BABF-F9D499CE451A}.Ad-Hoc|x64.Build.0 = Release|Any CPU
		{F9F8EC0B-D46D-40EC-BABF-F9D499CE451A}.Ad-Hoc|x86.ActiveCfg = Release|Any CPU
		{F9F8EC0B-D46D-40EC-BABF-F9D499CE451A}.Ad-Hoc|x86.Build.0 = Release|Any CPU
		{F9F8EC0B-D46D-40EC-BABF-F9D499CE451A}.AppStore|Any CPU.ActiveCfg = Release|Any CPU
		{F9F8EC0B-D46D-40EC-BABF-F9D499CE451A}.AppStore|Any CPU.Build.0 = Release|Any CPU
		{F9F8EC0B-D46D-40EC-BABF-F9D499CE451A}.AppStore|ARM.ActiveCfg = Release|Any CPU
		{F9F8EC0B-D46D-40EC-BABF-F9D499CE451A}.AppStore|ARM.Build.0 = Release|Any CPU
		{F9F8EC0B-D46D-40EC-BABF-F9D499CE451A}.AppStore|iPhone.ActiveCfg = Release|Any CPU
		{F9F8EC0B-D46D-40EC-BABF-F9D499CE451A}.AppStore|iPhone.Build.0 = Release|Any CPU
		{F9F8EC0B-D46D-40EC-BABF-F9D499CE451A}.AppStore|iPhoneSimulator.ActiveCfg = Release|Any CPU
		{F9F8EC0B-D46D-40EC-BABF-F9D499CE451A}.AppStore|iPhoneSimulator.Build.0 = Release|Any CPU
		{F9F8EC0B-D46D-40EC-BABF-F9D499CE451A}.AppStore|x64.ActiveCfg = Release|Any CPU
		{F9F8EC0B-D46D-40EC-BABF-F9D499CE451A}.AppStore|x64.Build.0 = Release|Any CPU
		{F9F8EC0B-D46D-40EC-BABF-F9D499CE451A}.AppStore|x86.ActiveCfg = Release|Any CPU
		{F9F8EC0B-D46D-40EC-BABF-F9D499CE451A}.AppStore|x86.Build.0 = Release|Any CPU
		{F9F8EC0B-D46D-40EC-BABF-F9D499CE451A}.Debug|Any CPU.ActiveCfg = Debug|Any CPU
		{F9F8EC0B-D46D-40EC-BABF-F9D499CE451A}.Debug|Any CPU.Build.0 = Debug|Any CPU
		{F9F8EC0B-D46D-40EC-BABF-F9D499CE451A}.Debug|ARM.ActiveCfg = Debug|Any CPU
		{F9F8EC0B-D46D-40EC-BABF-F9D499CE451A}.Debug|ARM.Build.0 = Debug|Any CPU
		{F9F8EC0B-D46D-40EC-BABF-F9D499CE451A}.Debug|iPhone.ActiveCfg = Debug|Any CPU
		{F9F8EC0B-D46D-40EC-BABF-F9D499CE451A}.Debug|iPhone.Build.0 = Debug|Any CPU
		{F9F8EC0B-D46D-40EC-BABF-F9D499CE451A}.Debug|iPhoneSimulator.ActiveCfg = Debug|Any CPU
		{F9F8EC0B-D46D-40EC-BABF-F9D499CE451A}.Debug|iPhoneSimulator.Build.0 = Debug|Any CPU
		{F9F8EC0B-D46D-40EC-BABF-F9D499CE451A}.Debug|x64.ActiveCfg = Debug|Any CPU
		{F9F8EC0B-D46D-40EC-BABF-F9D499CE451A}.Debug|x64.Build.0 = Debug|Any CPU
		{F9F8EC0B-D46D-40EC-BABF-F9D499CE451A}.Debug|x86.ActiveCfg = Debug|Any CPU
		{F9F8EC0B-D46D-40EC-BABF-F9D499CE451A}.Debug|x86.Build.0 = Debug|Any CPU
		{F9F8EC0B-D46D-40EC-BABF-F9D499CE451A}.NuProj|Any CPU.ActiveCfg = Debug|Any CPU
		{F9F8EC0B-D46D-40EC-BABF-F9D499CE451A}.NuProj|ARM.ActiveCfg = Debug|Any CPU
		{F9F8EC0B-D46D-40EC-BABF-F9D499CE451A}.NuProj|ARM.Build.0 = Debug|Any CPU
		{F9F8EC0B-D46D-40EC-BABF-F9D499CE451A}.NuProj|iPhone.ActiveCfg = Debug|Any CPU
		{F9F8EC0B-D46D-40EC-BABF-F9D499CE451A}.NuProj|iPhone.Build.0 = Debug|Any CPU
		{F9F8EC0B-D46D-40EC-BABF-F9D499CE451A}.NuProj|iPhoneSimulator.ActiveCfg = Debug|Any CPU
		{F9F8EC0B-D46D-40EC-BABF-F9D499CE451A}.NuProj|iPhoneSimulator.Build.0 = Debug|Any CPU
		{F9F8EC0B-D46D-40EC-BABF-F9D499CE451A}.NuProj|x64.ActiveCfg = Debug|Any CPU
		{F9F8EC0B-D46D-40EC-BABF-F9D499CE451A}.NuProj|x64.Build.0 = Debug|Any CPU
		{F9F8EC0B-D46D-40EC-BABF-F9D499CE451A}.NuProj|x86.ActiveCfg = Debug|Any CPU
		{F9F8EC0B-D46D-40EC-BABF-F9D499CE451A}.NuProj|x86.Build.0 = Debug|Any CPU
		{F9F8EC0B-D46D-40EC-BABF-F9D499CE451A}.Release|Any CPU.ActiveCfg = Release|Any CPU
		{F9F8EC0B-D46D-40EC-BABF-F9D499CE451A}.Release|Any CPU.Build.0 = Release|Any CPU
		{F9F8EC0B-D46D-40EC-BABF-F9D499CE451A}.Release|ARM.ActiveCfg = Release|Any CPU
		{F9F8EC0B-D46D-40EC-BABF-F9D499CE451A}.Release|ARM.Build.0 = Release|Any CPU
		{F9F8EC0B-D46D-40EC-BABF-F9D499CE451A}.Release|iPhone.ActiveCfg = Release|Any CPU
		{F9F8EC0B-D46D-40EC-BABF-F9D499CE451A}.Release|iPhone.Build.0 = Release|Any CPU
		{F9F8EC0B-D46D-40EC-BABF-F9D499CE451A}.Release|iPhoneSimulator.ActiveCfg = Release|Any CPU
		{F9F8EC0B-D46D-40EC-BABF-F9D499CE451A}.Release|iPhoneSimulator.Build.0 = Release|Any CPU
		{F9F8EC0B-D46D-40EC-BABF-F9D499CE451A}.Release|x64.ActiveCfg = Release|Any CPU
		{F9F8EC0B-D46D-40EC-BABF-F9D499CE451A}.Release|x64.Build.0 = Release|Any CPU
		{F9F8EC0B-D46D-40EC-BABF-F9D499CE451A}.Release|x86.ActiveCfg = Release|Any CPU
		{F9F8EC0B-D46D-40EC-BABF-F9D499CE451A}.Release|x86.Build.0 = Release|Any CPU
		{1704EB24-5FBA-4E98-9CD4-EE2EE4610A94}.Ad-Hoc|Any CPU.ActiveCfg = Release|Any CPU
		{1704EB24-5FBA-4E98-9CD4-EE2EE4610A94}.Ad-Hoc|Any CPU.Build.0 = Release|Any CPU
		{1704EB24-5FBA-4E98-9CD4-EE2EE4610A94}.Ad-Hoc|ARM.ActiveCfg = Release|Any CPU
		{1704EB24-5FBA-4E98-9CD4-EE2EE4610A94}.Ad-Hoc|ARM.Build.0 = Release|Any CPU
		{1704EB24-5FBA-4E98-9CD4-EE2EE4610A94}.Ad-Hoc|iPhone.ActiveCfg = Release|Any CPU
		{1704EB24-5FBA-4E98-9CD4-EE2EE4610A94}.Ad-Hoc|iPhone.Build.0 = Release|Any CPU
		{1704EB24-5FBA-4E98-9CD4-EE2EE4610A94}.Ad-Hoc|iPhoneSimulator.ActiveCfg = Release|Any CPU
		{1704EB24-5FBA-4E98-9CD4-EE2EE4610A94}.Ad-Hoc|iPhoneSimulator.Build.0 = Release|Any CPU
		{1704EB24-5FBA-4E98-9CD4-EE2EE4610A94}.Ad-Hoc|x64.ActiveCfg = Release|Any CPU
		{1704EB24-5FBA-4E98-9CD4-EE2EE4610A94}.Ad-Hoc|x64.Build.0 = Release|Any CPU
		{1704EB24-5FBA-4E98-9CD4-EE2EE4610A94}.Ad-Hoc|x86.ActiveCfg = Release|Any CPU
		{1704EB24-5FBA-4E98-9CD4-EE2EE4610A94}.Ad-Hoc|x86.Build.0 = Release|Any CPU
		{1704EB24-5FBA-4E98-9CD4-EE2EE4610A94}.AppStore|Any CPU.ActiveCfg = Release|Any CPU
		{1704EB24-5FBA-4E98-9CD4-EE2EE4610A94}.AppStore|Any CPU.Build.0 = Release|Any CPU
		{1704EB24-5FBA-4E98-9CD4-EE2EE4610A94}.AppStore|ARM.ActiveCfg = Release|Any CPU
		{1704EB24-5FBA-4E98-9CD4-EE2EE4610A94}.AppStore|ARM.Build.0 = Release|Any CPU
		{1704EB24-5FBA-4E98-9CD4-EE2EE4610A94}.AppStore|iPhone.ActiveCfg = Release|Any CPU
		{1704EB24-5FBA-4E98-9CD4-EE2EE4610A94}.AppStore|iPhone.Build.0 = Release|Any CPU
		{1704EB24-5FBA-4E98-9CD4-EE2EE4610A94}.AppStore|iPhoneSimulator.ActiveCfg = Release|Any CPU
		{1704EB24-5FBA-4E98-9CD4-EE2EE4610A94}.AppStore|iPhoneSimulator.Build.0 = Release|Any CPU
		{1704EB24-5FBA-4E98-9CD4-EE2EE4610A94}.AppStore|x64.ActiveCfg = Release|Any CPU
		{1704EB24-5FBA-4E98-9CD4-EE2EE4610A94}.AppStore|x64.Build.0 = Release|Any CPU
		{1704EB24-5FBA-4E98-9CD4-EE2EE4610A94}.AppStore|x86.ActiveCfg = Release|Any CPU
		{1704EB24-5FBA-4E98-9CD4-EE2EE4610A94}.AppStore|x86.Build.0 = Release|Any CPU
		{1704EB24-5FBA-4E98-9CD4-EE2EE4610A94}.Debug|Any CPU.ActiveCfg = Debug|Any CPU
		{1704EB24-5FBA-4E98-9CD4-EE2EE4610A94}.Debug|Any CPU.Build.0 = Debug|Any CPU
		{1704EB24-5FBA-4E98-9CD4-EE2EE4610A94}.Debug|ARM.ActiveCfg = Debug|Any CPU
		{1704EB24-5FBA-4E98-9CD4-EE2EE4610A94}.Debug|ARM.Build.0 = Debug|Any CPU
		{1704EB24-5FBA-4E98-9CD4-EE2EE4610A94}.Debug|iPhone.ActiveCfg = Debug|Any CPU
		{1704EB24-5FBA-4E98-9CD4-EE2EE4610A94}.Debug|iPhone.Build.0 = Debug|Any CPU
		{1704EB24-5FBA-4E98-9CD4-EE2EE4610A94}.Debug|iPhoneSimulator.ActiveCfg = Debug|Any CPU
		{1704EB24-5FBA-4E98-9CD4-EE2EE4610A94}.Debug|iPhoneSimulator.Build.0 = Debug|Any CPU
		{1704EB24-5FBA-4E98-9CD4-EE2EE4610A94}.Debug|x64.ActiveCfg = Debug|Any CPU
		{1704EB24-5FBA-4E98-9CD4-EE2EE4610A94}.Debug|x64.Build.0 = Debug|Any CPU
		{1704EB24-5FBA-4E98-9CD4-EE2EE4610A94}.Debug|x86.ActiveCfg = Debug|Any CPU
		{1704EB24-5FBA-4E98-9CD4-EE2EE4610A94}.Debug|x86.Build.0 = Debug|Any CPU
		{1704EB24-5FBA-4E98-9CD4-EE2EE4610A94}.NuProj|Any CPU.ActiveCfg = Debug|Any CPU
		{1704EB24-5FBA-4E98-9CD4-EE2EE4610A94}.NuProj|ARM.ActiveCfg = Debug|Any CPU
		{1704EB24-5FBA-4E98-9CD4-EE2EE4610A94}.NuProj|ARM.Build.0 = Debug|Any CPU
		{1704EB24-5FBA-4E98-9CD4-EE2EE4610A94}.NuProj|iPhone.ActiveCfg = Debug|Any CPU
		{1704EB24-5FBA-4E98-9CD4-EE2EE4610A94}.NuProj|iPhone.Build.0 = Debug|Any CPU
		{1704EB24-5FBA-4E98-9CD4-EE2EE4610A94}.NuProj|iPhoneSimulator.ActiveCfg = Debug|Any CPU
		{1704EB24-5FBA-4E98-9CD4-EE2EE4610A94}.NuProj|iPhoneSimulator.Build.0 = Debug|Any CPU
		{1704EB24-5FBA-4E98-9CD4-EE2EE4610A94}.NuProj|x64.ActiveCfg = Debug|Any CPU
		{1704EB24-5FBA-4E98-9CD4-EE2EE4610A94}.NuProj|x64.Build.0 = Debug|Any CPU
		{1704EB24-5FBA-4E98-9CD4-EE2EE4610A94}.NuProj|x86.ActiveCfg = Debug|Any CPU
		{1704EB24-5FBA-4E98-9CD4-EE2EE4610A94}.NuProj|x86.Build.0 = Debug|Any CPU
		{1704EB24-5FBA-4E98-9CD4-EE2EE4610A94}.Release|Any CPU.ActiveCfg = Release|Any CPU
		{1704EB24-5FBA-4E98-9CD4-EE2EE4610A94}.Release|Any CPU.Build.0 = Release|Any CPU
		{1704EB24-5FBA-4E98-9CD4-EE2EE4610A94}.Release|ARM.ActiveCfg = Release|Any CPU
		{1704EB24-5FBA-4E98-9CD4-EE2EE4610A94}.Release|ARM.Build.0 = Release|Any CPU
		{1704EB24-5FBA-4E98-9CD4-EE2EE4610A94}.Release|iPhone.ActiveCfg = Release|Any CPU
		{1704EB24-5FBA-4E98-9CD4-EE2EE4610A94}.Release|iPhone.Build.0 = Release|Any CPU
		{1704EB24-5FBA-4E98-9CD4-EE2EE4610A94}.Release|iPhoneSimulator.ActiveCfg = Release|Any CPU
		{1704EB24-5FBA-4E98-9CD4-EE2EE4610A94}.Release|iPhoneSimulator.Build.0 = Release|Any CPU
		{1704EB24-5FBA-4E98-9CD4-EE2EE4610A94}.Release|x64.ActiveCfg = Release|Any CPU
		{1704EB24-5FBA-4E98-9CD4-EE2EE4610A94}.Release|x64.Build.0 = Release|Any CPU
		{1704EB24-5FBA-4E98-9CD4-EE2EE4610A94}.Release|x86.ActiveCfg = Release|Any CPU
		{1704EB24-5FBA-4E98-9CD4-EE2EE4610A94}.Release|x86.Build.0 = Release|Any CPU
		{AFF1BB25-E9DB-4797-8778-F3EE09C8B9EF}.Ad-Hoc|Any CPU.ActiveCfg = Release|Any CPU
		{AFF1BB25-E9DB-4797-8778-F3EE09C8B9EF}.Ad-Hoc|Any CPU.Build.0 = Release|Any CPU
		{AFF1BB25-E9DB-4797-8778-F3EE09C8B9EF}.Ad-Hoc|ARM.ActiveCfg = Release|Any CPU
		{AFF1BB25-E9DB-4797-8778-F3EE09C8B9EF}.Ad-Hoc|ARM.Build.0 = Release|Any CPU
		{AFF1BB25-E9DB-4797-8778-F3EE09C8B9EF}.Ad-Hoc|iPhone.ActiveCfg = Release|Any CPU
		{AFF1BB25-E9DB-4797-8778-F3EE09C8B9EF}.Ad-Hoc|iPhone.Build.0 = Release|Any CPU
		{AFF1BB25-E9DB-4797-8778-F3EE09C8B9EF}.Ad-Hoc|iPhoneSimulator.ActiveCfg = Release|Any CPU
		{AFF1BB25-E9DB-4797-8778-F3EE09C8B9EF}.Ad-Hoc|iPhoneSimulator.Build.0 = Release|Any CPU
		{AFF1BB25-E9DB-4797-8778-F3EE09C8B9EF}.Ad-Hoc|x64.ActiveCfg = Release|Any CPU
		{AFF1BB25-E9DB-4797-8778-F3EE09C8B9EF}.Ad-Hoc|x64.Build.0 = Release|Any CPU
		{AFF1BB25-E9DB-4797-8778-F3EE09C8B9EF}.Ad-Hoc|x86.ActiveCfg = Release|Any CPU
		{AFF1BB25-E9DB-4797-8778-F3EE09C8B9EF}.Ad-Hoc|x86.Build.0 = Release|Any CPU
		{AFF1BB25-E9DB-4797-8778-F3EE09C8B9EF}.AppStore|Any CPU.ActiveCfg = Release|Any CPU
		{AFF1BB25-E9DB-4797-8778-F3EE09C8B9EF}.AppStore|Any CPU.Build.0 = Release|Any CPU
		{AFF1BB25-E9DB-4797-8778-F3EE09C8B9EF}.AppStore|ARM.ActiveCfg = Release|Any CPU
		{AFF1BB25-E9DB-4797-8778-F3EE09C8B9EF}.AppStore|ARM.Build.0 = Release|Any CPU
		{AFF1BB25-E9DB-4797-8778-F3EE09C8B9EF}.AppStore|iPhone.ActiveCfg = Release|Any CPU
		{AFF1BB25-E9DB-4797-8778-F3EE09C8B9EF}.AppStore|iPhone.Build.0 = Release|Any CPU
		{AFF1BB25-E9DB-4797-8778-F3EE09C8B9EF}.AppStore|iPhoneSimulator.ActiveCfg = Release|Any CPU
		{AFF1BB25-E9DB-4797-8778-F3EE09C8B9EF}.AppStore|iPhoneSimulator.Build.0 = Release|Any CPU
		{AFF1BB25-E9DB-4797-8778-F3EE09C8B9EF}.AppStore|x64.ActiveCfg = Release|Any CPU
		{AFF1BB25-E9DB-4797-8778-F3EE09C8B9EF}.AppStore|x64.Build.0 = Release|Any CPU
		{AFF1BB25-E9DB-4797-8778-F3EE09C8B9EF}.AppStore|x86.ActiveCfg = Release|Any CPU
		{AFF1BB25-E9DB-4797-8778-F3EE09C8B9EF}.AppStore|x86.Build.0 = Release|Any CPU
		{AFF1BB25-E9DB-4797-8778-F3EE09C8B9EF}.Debug|Any CPU.ActiveCfg = Debug|Any CPU
		{AFF1BB25-E9DB-4797-8778-F3EE09C8B9EF}.Debug|Any CPU.Build.0 = Debug|Any CPU
		{AFF1BB25-E9DB-4797-8778-F3EE09C8B9EF}.Debug|ARM.ActiveCfg = Debug|Any CPU
		{AFF1BB25-E9DB-4797-8778-F3EE09C8B9EF}.Debug|ARM.Build.0 = Debug|Any CPU
		{AFF1BB25-E9DB-4797-8778-F3EE09C8B9EF}.Debug|iPhone.ActiveCfg = Debug|Any CPU
		{AFF1BB25-E9DB-4797-8778-F3EE09C8B9EF}.Debug|iPhone.Build.0 = Debug|Any CPU
		{AFF1BB25-E9DB-4797-8778-F3EE09C8B9EF}.Debug|iPhoneSimulator.ActiveCfg = Debug|Any CPU
		{AFF1BB25-E9DB-4797-8778-F3EE09C8B9EF}.Debug|iPhoneSimulator.Build.0 = Debug|Any CPU
		{AFF1BB25-E9DB-4797-8778-F3EE09C8B9EF}.Debug|x64.ActiveCfg = Debug|Any CPU
		{AFF1BB25-E9DB-4797-8778-F3EE09C8B9EF}.Debug|x64.Build.0 = Debug|Any CPU
		{AFF1BB25-E9DB-4797-8778-F3EE09C8B9EF}.Debug|x86.ActiveCfg = Debug|Any CPU
		{AFF1BB25-E9DB-4797-8778-F3EE09C8B9EF}.Debug|x86.Build.0 = Debug|Any CPU
		{AFF1BB25-E9DB-4797-8778-F3EE09C8B9EF}.NuProj|Any CPU.ActiveCfg = Debug|Any CPU
		{AFF1BB25-E9DB-4797-8778-F3EE09C8B9EF}.NuProj|ARM.ActiveCfg = Debug|Any CPU
		{AFF1BB25-E9DB-4797-8778-F3EE09C8B9EF}.NuProj|ARM.Build.0 = Debug|Any CPU
		{AFF1BB25-E9DB-4797-8778-F3EE09C8B9EF}.NuProj|iPhone.ActiveCfg = Debug|Any CPU
		{AFF1BB25-E9DB-4797-8778-F3EE09C8B9EF}.NuProj|iPhone.Build.0 = Debug|Any CPU
		{AFF1BB25-E9DB-4797-8778-F3EE09C8B9EF}.NuProj|iPhoneSimulator.ActiveCfg = Debug|Any CPU
		{AFF1BB25-E9DB-4797-8778-F3EE09C8B9EF}.NuProj|iPhoneSimulator.Build.0 = Debug|Any CPU
		{AFF1BB25-E9DB-4797-8778-F3EE09C8B9EF}.NuProj|x64.ActiveCfg = Debug|Any CPU
		{AFF1BB25-E9DB-4797-8778-F3EE09C8B9EF}.NuProj|x64.Build.0 = Debug|Any CPU
		{AFF1BB25-E9DB-4797-8778-F3EE09C8B9EF}.NuProj|x86.ActiveCfg = Debug|Any CPU
		{AFF1BB25-E9DB-4797-8778-F3EE09C8B9EF}.NuProj|x86.Build.0 = Debug|Any CPU
		{AFF1BB25-E9DB-4797-8778-F3EE09C8B9EF}.Release|Any CPU.ActiveCfg = Release|Any CPU
		{AFF1BB25-E9DB-4797-8778-F3EE09C8B9EF}.Release|Any CPU.Build.0 = Release|Any CPU
		{AFF1BB25-E9DB-4797-8778-F3EE09C8B9EF}.Release|ARM.ActiveCfg = Release|Any CPU
		{AFF1BB25-E9DB-4797-8778-F3EE09C8B9EF}.Release|ARM.Build.0 = Release|Any CPU
		{AFF1BB25-E9DB-4797-8778-F3EE09C8B9EF}.Release|iPhone.ActiveCfg = Release|Any CPU
		{AFF1BB25-E9DB-4797-8778-F3EE09C8B9EF}.Release|iPhone.Build.0 = Release|Any CPU
		{AFF1BB25-E9DB-4797-8778-F3EE09C8B9EF}.Release|iPhoneSimulator.ActiveCfg = Release|Any CPU
		{AFF1BB25-E9DB-4797-8778-F3EE09C8B9EF}.Release|iPhoneSimulator.Build.0 = Release|Any CPU
		{AFF1BB25-E9DB-4797-8778-F3EE09C8B9EF}.Release|x64.ActiveCfg = Release|Any CPU
		{AFF1BB25-E9DB-4797-8778-F3EE09C8B9EF}.Release|x64.Build.0 = Release|Any CPU
		{AFF1BB25-E9DB-4797-8778-F3EE09C8B9EF}.Release|x86.ActiveCfg = Release|Any CPU
		{AFF1BB25-E9DB-4797-8778-F3EE09C8B9EF}.Release|x86.Build.0 = Release|Any CPU
		{59AD9D73-9348-4262-A869-6168057DA26A}.Ad-Hoc|Any CPU.ActiveCfg = Release|Any CPU
		{59AD9D73-9348-4262-A869-6168057DA26A}.Ad-Hoc|Any CPU.Build.0 = Release|Any CPU
		{59AD9D73-9348-4262-A869-6168057DA26A}.Ad-Hoc|ARM.ActiveCfg = Release|Any CPU
		{59AD9D73-9348-4262-A869-6168057DA26A}.Ad-Hoc|ARM.Build.0 = Release|Any CPU
		{59AD9D73-9348-4262-A869-6168057DA26A}.Ad-Hoc|iPhone.ActiveCfg = Release|Any CPU
		{59AD9D73-9348-4262-A869-6168057DA26A}.Ad-Hoc|iPhone.Build.0 = Release|Any CPU
		{59AD9D73-9348-4262-A869-6168057DA26A}.Ad-Hoc|iPhoneSimulator.ActiveCfg = Release|Any CPU
		{59AD9D73-9348-4262-A869-6168057DA26A}.Ad-Hoc|iPhoneSimulator.Build.0 = Release|Any CPU
		{59AD9D73-9348-4262-A869-6168057DA26A}.Ad-Hoc|x64.ActiveCfg = Release|Any CPU
		{59AD9D73-9348-4262-A869-6168057DA26A}.Ad-Hoc|x64.Build.0 = Release|Any CPU
		{59AD9D73-9348-4262-A869-6168057DA26A}.Ad-Hoc|x86.ActiveCfg = Release|Any CPU
		{59AD9D73-9348-4262-A869-6168057DA26A}.Ad-Hoc|x86.Build.0 = Release|Any CPU
		{59AD9D73-9348-4262-A869-6168057DA26A}.AppStore|Any CPU.ActiveCfg = Release|Any CPU
		{59AD9D73-9348-4262-A869-6168057DA26A}.AppStore|Any CPU.Build.0 = Release|Any CPU
		{59AD9D73-9348-4262-A869-6168057DA26A}.AppStore|ARM.ActiveCfg = Release|Any CPU
		{59AD9D73-9348-4262-A869-6168057DA26A}.AppStore|ARM.Build.0 = Release|Any CPU
		{59AD9D73-9348-4262-A869-6168057DA26A}.AppStore|iPhone.ActiveCfg = Release|Any CPU
		{59AD9D73-9348-4262-A869-6168057DA26A}.AppStore|iPhone.Build.0 = Release|Any CPU
		{59AD9D73-9348-4262-A869-6168057DA26A}.AppStore|iPhoneSimulator.ActiveCfg = Release|Any CPU
		{59AD9D73-9348-4262-A869-6168057DA26A}.AppStore|iPhoneSimulator.Build.0 = Release|Any CPU
		{59AD9D73-9348-4262-A869-6168057DA26A}.AppStore|x64.ActiveCfg = Release|Any CPU
		{59AD9D73-9348-4262-A869-6168057DA26A}.AppStore|x64.Build.0 = Release|Any CPU
		{59AD9D73-9348-4262-A869-6168057DA26A}.AppStore|x86.ActiveCfg = Release|Any CPU
		{59AD9D73-9348-4262-A869-6168057DA26A}.AppStore|x86.Build.0 = Release|Any CPU
		{59AD9D73-9348-4262-A869-6168057DA26A}.Debug|Any CPU.ActiveCfg = Debug|Any CPU
		{59AD9D73-9348-4262-A869-6168057DA26A}.Debug|Any CPU.Build.0 = Debug|Any CPU
		{59AD9D73-9348-4262-A869-6168057DA26A}.Debug|ARM.ActiveCfg = Debug|Any CPU
		{59AD9D73-9348-4262-A869-6168057DA26A}.Debug|ARM.Build.0 = Debug|Any CPU
		{59AD9D73-9348-4262-A869-6168057DA26A}.Debug|iPhone.ActiveCfg = Debug|Any CPU
		{59AD9D73-9348-4262-A869-6168057DA26A}.Debug|iPhone.Build.0 = Debug|Any CPU
		{59AD9D73-9348-4262-A869-6168057DA26A}.Debug|iPhoneSimulator.ActiveCfg = Debug|Any CPU
		{59AD9D73-9348-4262-A869-6168057DA26A}.Debug|iPhoneSimulator.Build.0 = Debug|Any CPU
		{59AD9D73-9348-4262-A869-6168057DA26A}.Debug|x64.ActiveCfg = Debug|Any CPU
		{59AD9D73-9348-4262-A869-6168057DA26A}.Debug|x64.Build.0 = Debug|Any CPU
		{59AD9D73-9348-4262-A869-6168057DA26A}.Debug|x86.ActiveCfg = Debug|Any CPU
		{59AD9D73-9348-4262-A869-6168057DA26A}.Debug|x86.Build.0 = Debug|Any CPU
		{59AD9D73-9348-4262-A869-6168057DA26A}.NuProj|Any CPU.ActiveCfg = Debug|Any CPU
		{59AD9D73-9348-4262-A869-6168057DA26A}.NuProj|ARM.ActiveCfg = Debug|Any CPU
		{59AD9D73-9348-4262-A869-6168057DA26A}.NuProj|ARM.Build.0 = Debug|Any CPU
		{59AD9D73-9348-4262-A869-6168057DA26A}.NuProj|iPhone.ActiveCfg = Debug|Any CPU
		{59AD9D73-9348-4262-A869-6168057DA26A}.NuProj|iPhone.Build.0 = Debug|Any CPU
		{59AD9D73-9348-4262-A869-6168057DA26A}.NuProj|iPhoneSimulator.ActiveCfg = Debug|Any CPU
		{59AD9D73-9348-4262-A869-6168057DA26A}.NuProj|iPhoneSimulator.Build.0 = Debug|Any CPU
		{59AD9D73-9348-4262-A869-6168057DA26A}.NuProj|x64.ActiveCfg = Debug|Any CPU
		{59AD9D73-9348-4262-A869-6168057DA26A}.NuProj|x64.Build.0 = Debug|Any CPU
		{59AD9D73-9348-4262-A869-6168057DA26A}.NuProj|x86.ActiveCfg = Debug|Any CPU
		{59AD9D73-9348-4262-A869-6168057DA26A}.NuProj|x86.Build.0 = Debug|Any CPU
		{59AD9D73-9348-4262-A869-6168057DA26A}.Release|Any CPU.ActiveCfg = Release|Any CPU
		{59AD9D73-9348-4262-A869-6168057DA26A}.Release|Any CPU.Build.0 = Release|Any CPU
		{59AD9D73-9348-4262-A869-6168057DA26A}.Release|ARM.ActiveCfg = Release|Any CPU
		{59AD9D73-9348-4262-A869-6168057DA26A}.Release|ARM.Build.0 = Release|Any CPU
		{59AD9D73-9348-4262-A869-6168057DA26A}.Release|iPhone.ActiveCfg = Release|Any CPU
		{59AD9D73-9348-4262-A869-6168057DA26A}.Release|iPhone.Build.0 = Release|Any CPU
		{59AD9D73-9348-4262-A869-6168057DA26A}.Release|iPhoneSimulator.ActiveCfg = Release|Any CPU
		{59AD9D73-9348-4262-A869-6168057DA26A}.Release|iPhoneSimulator.Build.0 = Release|Any CPU
		{59AD9D73-9348-4262-A869-6168057DA26A}.Release|x64.ActiveCfg = Release|Any CPU
		{59AD9D73-9348-4262-A869-6168057DA26A}.Release|x64.Build.0 = Release|Any CPU
		{59AD9D73-9348-4262-A869-6168057DA26A}.Release|x86.ActiveCfg = Release|Any CPU
		{59AD9D73-9348-4262-A869-6168057DA26A}.Release|x86.Build.0 = Release|Any CPU
		{3FDEEE8A-55E3-42E9-91AF-FBF94688CE71}.Ad-Hoc|Any CPU.ActiveCfg = Release|Any CPU
		{3FDEEE8A-55E3-42E9-91AF-FBF94688CE71}.Ad-Hoc|Any CPU.Build.0 = Release|Any CPU
		{3FDEEE8A-55E3-42E9-91AF-FBF94688CE71}.Ad-Hoc|ARM.ActiveCfg = Release|Any CPU
		{3FDEEE8A-55E3-42E9-91AF-FBF94688CE71}.Ad-Hoc|ARM.Build.0 = Release|Any CPU
		{3FDEEE8A-55E3-42E9-91AF-FBF94688CE71}.Ad-Hoc|iPhone.ActiveCfg = Release|Any CPU
		{3FDEEE8A-55E3-42E9-91AF-FBF94688CE71}.Ad-Hoc|iPhone.Build.0 = Release|Any CPU
		{3FDEEE8A-55E3-42E9-91AF-FBF94688CE71}.Ad-Hoc|iPhoneSimulator.ActiveCfg = Release|Any CPU
		{3FDEEE8A-55E3-42E9-91AF-FBF94688CE71}.Ad-Hoc|iPhoneSimulator.Build.0 = Release|Any CPU
		{3FDEEE8A-55E3-42E9-91AF-FBF94688CE71}.Ad-Hoc|x64.ActiveCfg = Release|Any CPU
		{3FDEEE8A-55E3-42E9-91AF-FBF94688CE71}.Ad-Hoc|x64.Build.0 = Release|Any CPU
		{3FDEEE8A-55E3-42E9-91AF-FBF94688CE71}.Ad-Hoc|x86.ActiveCfg = Release|Any CPU
		{3FDEEE8A-55E3-42E9-91AF-FBF94688CE71}.Ad-Hoc|x86.Build.0 = Release|Any CPU
		{3FDEEE8A-55E3-42E9-91AF-FBF94688CE71}.AppStore|Any CPU.ActiveCfg = Release|Any CPU
		{3FDEEE8A-55E3-42E9-91AF-FBF94688CE71}.AppStore|Any CPU.Build.0 = Release|Any CPU
		{3FDEEE8A-55E3-42E9-91AF-FBF94688CE71}.AppStore|ARM.ActiveCfg = Release|Any CPU
		{3FDEEE8A-55E3-42E9-91AF-FBF94688CE71}.AppStore|ARM.Build.0 = Release|Any CPU
		{3FDEEE8A-55E3-42E9-91AF-FBF94688CE71}.AppStore|iPhone.ActiveCfg = Release|Any CPU
		{3FDEEE8A-55E3-42E9-91AF-FBF94688CE71}.AppStore|iPhone.Build.0 = Release|Any CPU
		{3FDEEE8A-55E3-42E9-91AF-FBF94688CE71}.AppStore|iPhoneSimulator.ActiveCfg = Release|Any CPU
		{3FDEEE8A-55E3-42E9-91AF-FBF94688CE71}.AppStore|iPhoneSimulator.Build.0 = Release|Any CPU
		{3FDEEE8A-55E3-42E9-91AF-FBF94688CE71}.AppStore|x64.ActiveCfg = Release|Any CPU
		{3FDEEE8A-55E3-42E9-91AF-FBF94688CE71}.AppStore|x64.Build.0 = Release|Any CPU
		{3FDEEE8A-55E3-42E9-91AF-FBF94688CE71}.AppStore|x86.ActiveCfg = Release|Any CPU
		{3FDEEE8A-55E3-42E9-91AF-FBF94688CE71}.AppStore|x86.Build.0 = Release|Any CPU
		{3FDEEE8A-55E3-42E9-91AF-FBF94688CE71}.Debug|Any CPU.ActiveCfg = Debug|Any CPU
		{3FDEEE8A-55E3-42E9-91AF-FBF94688CE71}.Debug|Any CPU.Build.0 = Debug|Any CPU
		{3FDEEE8A-55E3-42E9-91AF-FBF94688CE71}.Debug|ARM.ActiveCfg = Debug|Any CPU
		{3FDEEE8A-55E3-42E9-91AF-FBF94688CE71}.Debug|ARM.Build.0 = Debug|Any CPU
		{3FDEEE8A-55E3-42E9-91AF-FBF94688CE71}.Debug|iPhone.ActiveCfg = Debug|Any CPU
		{3FDEEE8A-55E3-42E9-91AF-FBF94688CE71}.Debug|iPhone.Build.0 = Debug|Any CPU
		{3FDEEE8A-55E3-42E9-91AF-FBF94688CE71}.Debug|iPhoneSimulator.ActiveCfg = Debug|Any CPU
		{3FDEEE8A-55E3-42E9-91AF-FBF94688CE71}.Debug|iPhoneSimulator.Build.0 = Debug|Any CPU
		{3FDEEE8A-55E3-42E9-91AF-FBF94688CE71}.Debug|x64.ActiveCfg = Debug|Any CPU
		{3FDEEE8A-55E3-42E9-91AF-FBF94688CE71}.Debug|x64.Build.0 = Debug|Any CPU
		{3FDEEE8A-55E3-42E9-91AF-FBF94688CE71}.Debug|x86.ActiveCfg = Debug|Any CPU
		{3FDEEE8A-55E3-42E9-91AF-FBF94688CE71}.Debug|x86.Build.0 = Debug|Any CPU
		{3FDEEE8A-55E3-42E9-91AF-FBF94688CE71}.NuProj|Any CPU.ActiveCfg = Debug|Any CPU
		{3FDEEE8A-55E3-42E9-91AF-FBF94688CE71}.NuProj|ARM.ActiveCfg = Debug|Any CPU
		{3FDEEE8A-55E3-42E9-91AF-FBF94688CE71}.NuProj|ARM.Build.0 = Debug|Any CPU
		{3FDEEE8A-55E3-42E9-91AF-FBF94688CE71}.NuProj|iPhone.ActiveCfg = Debug|Any CPU
		{3FDEEE8A-55E3-42E9-91AF-FBF94688CE71}.NuProj|iPhone.Build.0 = Debug|Any CPU
		{3FDEEE8A-55E3-42E9-91AF-FBF94688CE71}.NuProj|iPhoneSimulator.ActiveCfg = Debug|Any CPU
		{3FDEEE8A-55E3-42E9-91AF-FBF94688CE71}.NuProj|iPhoneSimulator.Build.0 = Debug|Any CPU
		{3FDEEE8A-55E3-42E9-91AF-FBF94688CE71}.NuProj|x64.ActiveCfg = Debug|Any CPU
		{3FDEEE8A-55E3-42E9-91AF-FBF94688CE71}.NuProj|x64.Build.0 = Debug|Any CPU
		{3FDEEE8A-55E3-42E9-91AF-FBF94688CE71}.NuProj|x86.ActiveCfg = Debug|Any CPU
		{3FDEEE8A-55E3-42E9-91AF-FBF94688CE71}.NuProj|x86.Build.0 = Debug|Any CPU
		{3FDEEE8A-55E3-42E9-91AF-FBF94688CE71}.Release|Any CPU.ActiveCfg = Release|Any CPU
		{3FDEEE8A-55E3-42E9-91AF-FBF94688CE71}.Release|Any CPU.Build.0 = Release|Any CPU
		{3FDEEE8A-55E3-42E9-91AF-FBF94688CE71}.Release|ARM.ActiveCfg = Release|Any CPU
		{3FDEEE8A-55E3-42E9-91AF-FBF94688CE71}.Release|ARM.Build.0 = Release|Any CPU
		{3FDEEE8A-55E3-42E9-91AF-FBF94688CE71}.Release|iPhone.ActiveCfg = Release|Any CPU
		{3FDEEE8A-55E3-42E9-91AF-FBF94688CE71}.Release|iPhone.Build.0 = Release|Any CPU
		{3FDEEE8A-55E3-42E9-91AF-FBF94688CE71}.Release|iPhoneSimulator.ActiveCfg = Release|Any CPU
		{3FDEEE8A-55E3-42E9-91AF-FBF94688CE71}.Release|iPhoneSimulator.Build.0 = Release|Any CPU
		{3FDEEE8A-55E3-42E9-91AF-FBF94688CE71}.Release|x64.ActiveCfg = Release|Any CPU
		{3FDEEE8A-55E3-42E9-91AF-FBF94688CE71}.Release|x64.Build.0 = Release|Any CPU
		{3FDEEE8A-55E3-42E9-91AF-FBF94688CE71}.Release|x86.ActiveCfg = Release|Any CPU
		{3FDEEE8A-55E3-42E9-91AF-FBF94688CE71}.Release|x86.Build.0 = Release|Any CPU
		{5F75F28C-0E83-4594-97F1-9CDF806DB5F2}.Ad-Hoc|Any CPU.ActiveCfg = Release|Any CPU
		{5F75F28C-0E83-4594-97F1-9CDF806DB5F2}.Ad-Hoc|Any CPU.Build.0 = Release|Any CPU
		{5F75F28C-0E83-4594-97F1-9CDF806DB5F2}.Ad-Hoc|ARM.ActiveCfg = Release|Any CPU
		{5F75F28C-0E83-4594-97F1-9CDF806DB5F2}.Ad-Hoc|ARM.Build.0 = Release|Any CPU
		{5F75F28C-0E83-4594-97F1-9CDF806DB5F2}.Ad-Hoc|iPhone.ActiveCfg = Release|Any CPU
		{5F75F28C-0E83-4594-97F1-9CDF806DB5F2}.Ad-Hoc|iPhone.Build.0 = Release|Any CPU
		{5F75F28C-0E83-4594-97F1-9CDF806DB5F2}.Ad-Hoc|iPhoneSimulator.ActiveCfg = Release|Any CPU
		{5F75F28C-0E83-4594-97F1-9CDF806DB5F2}.Ad-Hoc|iPhoneSimulator.Build.0 = Release|Any CPU
		{5F75F28C-0E83-4594-97F1-9CDF806DB5F2}.Ad-Hoc|x64.ActiveCfg = Release|Any CPU
		{5F75F28C-0E83-4594-97F1-9CDF806DB5F2}.Ad-Hoc|x64.Build.0 = Release|Any CPU
		{5F75F28C-0E83-4594-97F1-9CDF806DB5F2}.Ad-Hoc|x86.ActiveCfg = Release|Any CPU
		{5F75F28C-0E83-4594-97F1-9CDF806DB5F2}.Ad-Hoc|x86.Build.0 = Release|Any CPU
		{5F75F28C-0E83-4594-97F1-9CDF806DB5F2}.AppStore|Any CPU.ActiveCfg = Release|Any CPU
		{5F75F28C-0E83-4594-97F1-9CDF806DB5F2}.AppStore|Any CPU.Build.0 = Release|Any CPU
		{5F75F28C-0E83-4594-97F1-9CDF806DB5F2}.AppStore|ARM.ActiveCfg = Release|Any CPU
		{5F75F28C-0E83-4594-97F1-9CDF806DB5F2}.AppStore|ARM.Build.0 = Release|Any CPU
		{5F75F28C-0E83-4594-97F1-9CDF806DB5F2}.AppStore|iPhone.ActiveCfg = Release|Any CPU
		{5F75F28C-0E83-4594-97F1-9CDF806DB5F2}.AppStore|iPhone.Build.0 = Release|Any CPU
		{5F75F28C-0E83-4594-97F1-9CDF806DB5F2}.AppStore|iPhoneSimulator.ActiveCfg = Release|Any CPU
		{5F75F28C-0E83-4594-97F1-9CDF806DB5F2}.AppStore|iPhoneSimulator.Build.0 = Release|Any CPU
		{5F75F28C-0E83-4594-97F1-9CDF806DB5F2}.AppStore|x64.ActiveCfg = Release|Any CPU
		{5F75F28C-0E83-4594-97F1-9CDF806DB5F2}.AppStore|x64.Build.0 = Release|Any CPU
		{5F75F28C-0E83-4594-97F1-9CDF806DB5F2}.AppStore|x86.ActiveCfg = Release|Any CPU
		{5F75F28C-0E83-4594-97F1-9CDF806DB5F2}.AppStore|x86.Build.0 = Release|Any CPU
		{5F75F28C-0E83-4594-97F1-9CDF806DB5F2}.Debug|Any CPU.ActiveCfg = Debug|Any CPU
		{5F75F28C-0E83-4594-97F1-9CDF806DB5F2}.Debug|Any CPU.Build.0 = Debug|Any CPU
		{5F75F28C-0E83-4594-97F1-9CDF806DB5F2}.Debug|ARM.ActiveCfg = Debug|Any CPU
		{5F75F28C-0E83-4594-97F1-9CDF806DB5F2}.Debug|ARM.Build.0 = Debug|Any CPU
		{5F75F28C-0E83-4594-97F1-9CDF806DB5F2}.Debug|iPhone.ActiveCfg = Debug|Any CPU
		{5F75F28C-0E83-4594-97F1-9CDF806DB5F2}.Debug|iPhone.Build.0 = Debug|Any CPU
		{5F75F28C-0E83-4594-97F1-9CDF806DB5F2}.Debug|iPhoneSimulator.ActiveCfg = Debug|Any CPU
		{5F75F28C-0E83-4594-97F1-9CDF806DB5F2}.Debug|iPhoneSimulator.Build.0 = Debug|Any CPU
		{5F75F28C-0E83-4594-97F1-9CDF806DB5F2}.Debug|x64.ActiveCfg = Debug|Any CPU
		{5F75F28C-0E83-4594-97F1-9CDF806DB5F2}.Debug|x64.Build.0 = Debug|Any CPU
		{5F75F28C-0E83-4594-97F1-9CDF806DB5F2}.Debug|x86.ActiveCfg = Debug|Any CPU
		{5F75F28C-0E83-4594-97F1-9CDF806DB5F2}.Debug|x86.Build.0 = Debug|Any CPU
		{5F75F28C-0E83-4594-97F1-9CDF806DB5F2}.NuProj|Any CPU.ActiveCfg = Debug|Any CPU
		{5F75F28C-0E83-4594-97F1-9CDF806DB5F2}.NuProj|ARM.ActiveCfg = Debug|Any CPU
		{5F75F28C-0E83-4594-97F1-9CDF806DB5F2}.NuProj|ARM.Build.0 = Debug|Any CPU
		{5F75F28C-0E83-4594-97F1-9CDF806DB5F2}.NuProj|iPhone.ActiveCfg = Debug|Any CPU
		{5F75F28C-0E83-4594-97F1-9CDF806DB5F2}.NuProj|iPhone.Build.0 = Debug|Any CPU
		{5F75F28C-0E83-4594-97F1-9CDF806DB5F2}.NuProj|iPhoneSimulator.ActiveCfg = Debug|Any CPU
		{5F75F28C-0E83-4594-97F1-9CDF806DB5F2}.NuProj|iPhoneSimulator.Build.0 = Debug|Any CPU
		{5F75F28C-0E83-4594-97F1-9CDF806DB5F2}.NuProj|x64.ActiveCfg = Debug|Any CPU
		{5F75F28C-0E83-4594-97F1-9CDF806DB5F2}.NuProj|x64.Build.0 = Debug|Any CPU
		{5F75F28C-0E83-4594-97F1-9CDF806DB5F2}.NuProj|x86.ActiveCfg = Debug|Any CPU
		{5F75F28C-0E83-4594-97F1-9CDF806DB5F2}.NuProj|x86.Build.0 = Debug|Any CPU
		{5F75F28C-0E83-4594-97F1-9CDF806DB5F2}.Release|Any CPU.ActiveCfg = Release|Any CPU
		{5F75F28C-0E83-4594-97F1-9CDF806DB5F2}.Release|Any CPU.Build.0 = Release|Any CPU
		{5F75F28C-0E83-4594-97F1-9CDF806DB5F2}.Release|ARM.ActiveCfg = Release|Any CPU
		{5F75F28C-0E83-4594-97F1-9CDF806DB5F2}.Release|ARM.Build.0 = Release|Any CPU
		{5F75F28C-0E83-4594-97F1-9CDF806DB5F2}.Release|iPhone.ActiveCfg = Release|Any CPU
		{5F75F28C-0E83-4594-97F1-9CDF806DB5F2}.Release|iPhone.Build.0 = Release|Any CPU
		{5F75F28C-0E83-4594-97F1-9CDF806DB5F2}.Release|iPhoneSimulator.ActiveCfg = Release|Any CPU
		{5F75F28C-0E83-4594-97F1-9CDF806DB5F2}.Release|iPhoneSimulator.Build.0 = Release|Any CPU
		{5F75F28C-0E83-4594-97F1-9CDF806DB5F2}.Release|x64.ActiveCfg = Release|Any CPU
		{5F75F28C-0E83-4594-97F1-9CDF806DB5F2}.Release|x64.Build.0 = Release|Any CPU
		{5F75F28C-0E83-4594-97F1-9CDF806DB5F2}.Release|x86.ActiveCfg = Release|Any CPU
		{5F75F28C-0E83-4594-97F1-9CDF806DB5F2}.Release|x86.Build.0 = Release|Any CPU
		{170DB43F-86F3-4ED8-B05E-81FD38F118BF}.Ad-Hoc|Any CPU.ActiveCfg = Release|Any CPU
		{170DB43F-86F3-4ED8-B05E-81FD38F118BF}.Ad-Hoc|Any CPU.Build.0 = Release|Any CPU
		{170DB43F-86F3-4ED8-B05E-81FD38F118BF}.Ad-Hoc|ARM.ActiveCfg = Release|Any CPU
		{170DB43F-86F3-4ED8-B05E-81FD38F118BF}.Ad-Hoc|ARM.Build.0 = Release|Any CPU
		{170DB43F-86F3-4ED8-B05E-81FD38F118BF}.Ad-Hoc|iPhone.ActiveCfg = Release|Any CPU
		{170DB43F-86F3-4ED8-B05E-81FD38F118BF}.Ad-Hoc|iPhone.Build.0 = Release|Any CPU
		{170DB43F-86F3-4ED8-B05E-81FD38F118BF}.Ad-Hoc|iPhoneSimulator.ActiveCfg = Release|Any CPU
		{170DB43F-86F3-4ED8-B05E-81FD38F118BF}.Ad-Hoc|iPhoneSimulator.Build.0 = Release|Any CPU
		{170DB43F-86F3-4ED8-B05E-81FD38F118BF}.Ad-Hoc|x64.ActiveCfg = Release|Any CPU
		{170DB43F-86F3-4ED8-B05E-81FD38F118BF}.Ad-Hoc|x64.Build.0 = Release|Any CPU
		{170DB43F-86F3-4ED8-B05E-81FD38F118BF}.Ad-Hoc|x86.ActiveCfg = Release|Any CPU
		{170DB43F-86F3-4ED8-B05E-81FD38F118BF}.Ad-Hoc|x86.Build.0 = Release|Any CPU
		{170DB43F-86F3-4ED8-B05E-81FD38F118BF}.AppStore|Any CPU.ActiveCfg = Release|Any CPU
		{170DB43F-86F3-4ED8-B05E-81FD38F118BF}.AppStore|Any CPU.Build.0 = Release|Any CPU
		{170DB43F-86F3-4ED8-B05E-81FD38F118BF}.AppStore|ARM.ActiveCfg = Release|Any CPU
		{170DB43F-86F3-4ED8-B05E-81FD38F118BF}.AppStore|ARM.Build.0 = Release|Any CPU
		{170DB43F-86F3-4ED8-B05E-81FD38F118BF}.AppStore|iPhone.ActiveCfg = Release|Any CPU
		{170DB43F-86F3-4ED8-B05E-81FD38F118BF}.AppStore|iPhone.Build.0 = Release|Any CPU
		{170DB43F-86F3-4ED8-B05E-81FD38F118BF}.AppStore|iPhoneSimulator.ActiveCfg = Release|Any CPU
		{170DB43F-86F3-4ED8-B05E-81FD38F118BF}.AppStore|iPhoneSimulator.Build.0 = Release|Any CPU
		{170DB43F-86F3-4ED8-B05E-81FD38F118BF}.AppStore|x64.ActiveCfg = Release|Any CPU
		{170DB43F-86F3-4ED8-B05E-81FD38F118BF}.AppStore|x64.Build.0 = Release|Any CPU
		{170DB43F-86F3-4ED8-B05E-81FD38F118BF}.AppStore|x86.ActiveCfg = Release|Any CPU
		{170DB43F-86F3-4ED8-B05E-81FD38F118BF}.AppStore|x86.Build.0 = Release|Any CPU
		{170DB43F-86F3-4ED8-B05E-81FD38F118BF}.Debug|Any CPU.ActiveCfg = Debug|Any CPU
		{170DB43F-86F3-4ED8-B05E-81FD38F118BF}.Debug|Any CPU.Build.0 = Debug|Any CPU
		{170DB43F-86F3-4ED8-B05E-81FD38F118BF}.Debug|ARM.ActiveCfg = Debug|Any CPU
		{170DB43F-86F3-4ED8-B05E-81FD38F118BF}.Debug|ARM.Build.0 = Debug|Any CPU
		{170DB43F-86F3-4ED8-B05E-81FD38F118BF}.Debug|iPhone.ActiveCfg = Debug|Any CPU
		{170DB43F-86F3-4ED8-B05E-81FD38F118BF}.Debug|iPhone.Build.0 = Debug|Any CPU
		{170DB43F-86F3-4ED8-B05E-81FD38F118BF}.Debug|iPhoneSimulator.ActiveCfg = Debug|Any CPU
		{170DB43F-86F3-4ED8-B05E-81FD38F118BF}.Debug|iPhoneSimulator.Build.0 = Debug|Any CPU
		{170DB43F-86F3-4ED8-B05E-81FD38F118BF}.Debug|x64.ActiveCfg = Debug|Any CPU
		{170DB43F-86F3-4ED8-B05E-81FD38F118BF}.Debug|x64.Build.0 = Debug|Any CPU
		{170DB43F-86F3-4ED8-B05E-81FD38F118BF}.Debug|x86.ActiveCfg = Debug|Any CPU
		{170DB43F-86F3-4ED8-B05E-81FD38F118BF}.Debug|x86.Build.0 = Debug|Any CPU
		{170DB43F-86F3-4ED8-B05E-81FD38F118BF}.NuProj|Any CPU.ActiveCfg = Debug|Any CPU
		{170DB43F-86F3-4ED8-B05E-81FD38F118BF}.NuProj|ARM.ActiveCfg = Debug|Any CPU
		{170DB43F-86F3-4ED8-B05E-81FD38F118BF}.NuProj|ARM.Build.0 = Debug|Any CPU
		{170DB43F-86F3-4ED8-B05E-81FD38F118BF}.NuProj|iPhone.ActiveCfg = Debug|Any CPU
		{170DB43F-86F3-4ED8-B05E-81FD38F118BF}.NuProj|iPhone.Build.0 = Debug|Any CPU
		{170DB43F-86F3-4ED8-B05E-81FD38F118BF}.NuProj|iPhoneSimulator.ActiveCfg = Debug|Any CPU
		{170DB43F-86F3-4ED8-B05E-81FD38F118BF}.NuProj|iPhoneSimulator.Build.0 = Debug|Any CPU
		{170DB43F-86F3-4ED8-B05E-81FD38F118BF}.NuProj|x64.ActiveCfg = Debug|Any CPU
		{170DB43F-86F3-4ED8-B05E-81FD38F118BF}.NuProj|x64.Build.0 = Debug|Any CPU
		{170DB43F-86F3-4ED8-B05E-81FD38F118BF}.NuProj|x86.ActiveCfg = Debug|Any CPU
		{170DB43F-86F3-4ED8-B05E-81FD38F118BF}.NuProj|x86.Build.0 = Debug|Any CPU
		{170DB43F-86F3-4ED8-B05E-81FD38F118BF}.Release|Any CPU.ActiveCfg = Release|Any CPU
		{170DB43F-86F3-4ED8-B05E-81FD38F118BF}.Release|Any CPU.Build.0 = Release|Any CPU
		{170DB43F-86F3-4ED8-B05E-81FD38F118BF}.Release|ARM.ActiveCfg = Release|Any CPU
		{170DB43F-86F3-4ED8-B05E-81FD38F118BF}.Release|ARM.Build.0 = Release|Any CPU
		{170DB43F-86F3-4ED8-B05E-81FD38F118BF}.Release|iPhone.ActiveCfg = Release|Any CPU
		{170DB43F-86F3-4ED8-B05E-81FD38F118BF}.Release|iPhone.Build.0 = Release|Any CPU
		{170DB43F-86F3-4ED8-B05E-81FD38F118BF}.Release|iPhoneSimulator.ActiveCfg = Release|Any CPU
		{170DB43F-86F3-4ED8-B05E-81FD38F118BF}.Release|iPhoneSimulator.Build.0 = Release|Any CPU
		{170DB43F-86F3-4ED8-B05E-81FD38F118BF}.Release|x64.ActiveCfg = Release|Any CPU
		{170DB43F-86F3-4ED8-B05E-81FD38F118BF}.Release|x64.Build.0 = Release|Any CPU
		{170DB43F-86F3-4ED8-B05E-81FD38F118BF}.Release|x86.ActiveCfg = Release|Any CPU
		{170DB43F-86F3-4ED8-B05E-81FD38F118BF}.Release|x86.Build.0 = Release|Any CPU
		{7B43B9F5-7C88-42F1-B217-34A24AE925D0}.Ad-Hoc|Any CPU.ActiveCfg = Release|Any CPU
		{7B43B9F5-7C88-42F1-B217-34A24AE925D0}.Ad-Hoc|Any CPU.Build.0 = Release|Any CPU
		{7B43B9F5-7C88-42F1-B217-34A24AE925D0}.Ad-Hoc|ARM.ActiveCfg = Release|Any CPU
		{7B43B9F5-7C88-42F1-B217-34A24AE925D0}.Ad-Hoc|ARM.Build.0 = Release|Any CPU
		{7B43B9F5-7C88-42F1-B217-34A24AE925D0}.Ad-Hoc|iPhone.ActiveCfg = Release|Any CPU
		{7B43B9F5-7C88-42F1-B217-34A24AE925D0}.Ad-Hoc|iPhone.Build.0 = Release|Any CPU
		{7B43B9F5-7C88-42F1-B217-34A24AE925D0}.Ad-Hoc|iPhoneSimulator.ActiveCfg = Release|Any CPU
		{7B43B9F5-7C88-42F1-B217-34A24AE925D0}.Ad-Hoc|iPhoneSimulator.Build.0 = Release|Any CPU
		{7B43B9F5-7C88-42F1-B217-34A24AE925D0}.Ad-Hoc|x64.ActiveCfg = Release|Any CPU
		{7B43B9F5-7C88-42F1-B217-34A24AE925D0}.Ad-Hoc|x64.Build.0 = Release|Any CPU
		{7B43B9F5-7C88-42F1-B217-34A24AE925D0}.Ad-Hoc|x86.ActiveCfg = Release|Any CPU
		{7B43B9F5-7C88-42F1-B217-34A24AE925D0}.Ad-Hoc|x86.Build.0 = Release|Any CPU
		{7B43B9F5-7C88-42F1-B217-34A24AE925D0}.AppStore|Any CPU.ActiveCfg = Release|Any CPU
		{7B43B9F5-7C88-42F1-B217-34A24AE925D0}.AppStore|Any CPU.Build.0 = Release|Any CPU
		{7B43B9F5-7C88-42F1-B217-34A24AE925D0}.AppStore|ARM.ActiveCfg = Release|Any CPU
		{7B43B9F5-7C88-42F1-B217-34A24AE925D0}.AppStore|ARM.Build.0 = Release|Any CPU
		{7B43B9F5-7C88-42F1-B217-34A24AE925D0}.AppStore|iPhone.ActiveCfg = Release|Any CPU
		{7B43B9F5-7C88-42F1-B217-34A24AE925D0}.AppStore|iPhone.Build.0 = Release|Any CPU
		{7B43B9F5-7C88-42F1-B217-34A24AE925D0}.AppStore|iPhoneSimulator.ActiveCfg = Release|Any CPU
		{7B43B9F5-7C88-42F1-B217-34A24AE925D0}.AppStore|iPhoneSimulator.Build.0 = Release|Any CPU
		{7B43B9F5-7C88-42F1-B217-34A24AE925D0}.AppStore|x64.ActiveCfg = Release|Any CPU
		{7B43B9F5-7C88-42F1-B217-34A24AE925D0}.AppStore|x64.Build.0 = Release|Any CPU
		{7B43B9F5-7C88-42F1-B217-34A24AE925D0}.AppStore|x86.ActiveCfg = Release|Any CPU
		{7B43B9F5-7C88-42F1-B217-34A24AE925D0}.AppStore|x86.Build.0 = Release|Any CPU
		{7B43B9F5-7C88-42F1-B217-34A24AE925D0}.Debug|Any CPU.ActiveCfg = Debug|Any CPU
		{7B43B9F5-7C88-42F1-B217-34A24AE925D0}.Debug|Any CPU.Build.0 = Debug|Any CPU
		{7B43B9F5-7C88-42F1-B217-34A24AE925D0}.Debug|ARM.ActiveCfg = Debug|Any CPU
		{7B43B9F5-7C88-42F1-B217-34A24AE925D0}.Debug|ARM.Build.0 = Debug|Any CPU
		{7B43B9F5-7C88-42F1-B217-34A24AE925D0}.Debug|iPhone.ActiveCfg = Debug|Any CPU
		{7B43B9F5-7C88-42F1-B217-34A24AE925D0}.Debug|iPhone.Build.0 = Debug|Any CPU
		{7B43B9F5-7C88-42F1-B217-34A24AE925D0}.Debug|iPhoneSimulator.ActiveCfg = Debug|Any CPU
		{7B43B9F5-7C88-42F1-B217-34A24AE925D0}.Debug|iPhoneSimulator.Build.0 = Debug|Any CPU
		{7B43B9F5-7C88-42F1-B217-34A24AE925D0}.Debug|x64.ActiveCfg = Debug|Any CPU
		{7B43B9F5-7C88-42F1-B217-34A24AE925D0}.Debug|x64.Build.0 = Debug|Any CPU
		{7B43B9F5-7C88-42F1-B217-34A24AE925D0}.Debug|x86.ActiveCfg = Debug|Any CPU
		{7B43B9F5-7C88-42F1-B217-34A24AE925D0}.Debug|x86.Build.0 = Debug|Any CPU
		{7B43B9F5-7C88-42F1-B217-34A24AE925D0}.NuProj|Any CPU.ActiveCfg = Release|Any CPU
		{7B43B9F5-7C88-42F1-B217-34A24AE925D0}.NuProj|Any CPU.Build.0 = Release|Any CPU
		{7B43B9F5-7C88-42F1-B217-34A24AE925D0}.NuProj|ARM.ActiveCfg = Release|Any CPU
		{7B43B9F5-7C88-42F1-B217-34A24AE925D0}.NuProj|ARM.Build.0 = Release|Any CPU
		{7B43B9F5-7C88-42F1-B217-34A24AE925D0}.NuProj|iPhone.ActiveCfg = Release|Any CPU
		{7B43B9F5-7C88-42F1-B217-34A24AE925D0}.NuProj|iPhone.Build.0 = Release|Any CPU
		{7B43B9F5-7C88-42F1-B217-34A24AE925D0}.NuProj|iPhoneSimulator.ActiveCfg = Release|Any CPU
		{7B43B9F5-7C88-42F1-B217-34A24AE925D0}.NuProj|iPhoneSimulator.Build.0 = Release|Any CPU
		{7B43B9F5-7C88-42F1-B217-34A24AE925D0}.NuProj|x64.ActiveCfg = Release|Any CPU
		{7B43B9F5-7C88-42F1-B217-34A24AE925D0}.NuProj|x64.Build.0 = Release|Any CPU
		{7B43B9F5-7C88-42F1-B217-34A24AE925D0}.NuProj|x86.ActiveCfg = Release|Any CPU
		{7B43B9F5-7C88-42F1-B217-34A24AE925D0}.NuProj|x86.Build.0 = Release|Any CPU
		{7B43B9F5-7C88-42F1-B217-34A24AE925D0}.Release|Any CPU.ActiveCfg = Release|Any CPU
		{7B43B9F5-7C88-42F1-B217-34A24AE925D0}.Release|Any CPU.Build.0 = Release|Any CPU
		{7B43B9F5-7C88-42F1-B217-34A24AE925D0}.Release|ARM.ActiveCfg = Release|Any CPU
		{7B43B9F5-7C88-42F1-B217-34A24AE925D0}.Release|ARM.Build.0 = Release|Any CPU
		{7B43B9F5-7C88-42F1-B217-34A24AE925D0}.Release|iPhone.ActiveCfg = Release|Any CPU
		{7B43B9F5-7C88-42F1-B217-34A24AE925D0}.Release|iPhone.Build.0 = Release|Any CPU
		{7B43B9F5-7C88-42F1-B217-34A24AE925D0}.Release|iPhoneSimulator.ActiveCfg = Release|Any CPU
		{7B43B9F5-7C88-42F1-B217-34A24AE925D0}.Release|iPhoneSimulator.Build.0 = Release|Any CPU
		{7B43B9F5-7C88-42F1-B217-34A24AE925D0}.Release|x64.ActiveCfg = Release|Any CPU
		{7B43B9F5-7C88-42F1-B217-34A24AE925D0}.Release|x64.Build.0 = Release|Any CPU
		{7B43B9F5-7C88-42F1-B217-34A24AE925D0}.Release|x86.ActiveCfg = Release|Any CPU
		{7B43B9F5-7C88-42F1-B217-34A24AE925D0}.Release|x86.Build.0 = Release|Any CPU
	EndGlobalSection
	GlobalSection(SolutionProperties) = preSolution
		HideSolutionNode = FALSE
	EndGlobalSection
	GlobalSection(NestedProjects) = preSolution
		{486ABBD5-9E4D-4BD2-A6FB-82E0E3B5A163} = {8507F10B-CF78-4193-BC5B-C602837092B3}
		{B7ED082B-3B2E-4F0A-98BF-75F957BAEC78} = {8507F10B-CF78-4193-BC5B-C602837092B3}
		{C1296FBA-3002-40B6-B762-FF1E87FBC9B1} = {8507F10B-CF78-4193-BC5B-C602837092B3}
		{00F4EF06-97F7-4854-8DD9-7F9AE4A1201A} = {8507F10B-CF78-4193-BC5B-C602837092B3}
		{96C33EFF-EAE7-49A4-AE5D-30321AC268D3} = {8507F10B-CF78-4193-BC5B-C602837092B3}
		{BCF998FA-B893-4FC6-A4AC-776341F76D53} = {8507F10B-CF78-4193-BC5B-C602837092B3}
		{544F385E-BF56-474C-99FE-C8CB45B33EF9} = {8507F10B-CF78-4193-BC5B-C602837092B3}
		{DA63BB22-3A83-4BDD-AC19-00904877F4FA} = {B7ED082B-3B2E-4F0A-98BF-75F957BAEC78}
		{B42F3CE5-DC7C-4EF0-8712-ED810CEFDA11} = {B7ED082B-3B2E-4F0A-98BF-75F957BAEC78}
		{6C5C17D3-E6E8-4201-B11F-7C50B02E8E3D} = {BCF998FA-B893-4FC6-A4AC-776341F76D53}
		{5F211940-D3E0-43CF-8D6B-DF0FAE503C69} = {BCF998FA-B893-4FC6-A4AC-776341F76D53}
		{480A3B69-7110-400A-B06B-9F9E648D61E9} = {5F211940-D3E0-43CF-8D6B-DF0FAE503C69}
		{C8105E62-05B2-4301-BDD0-A0EAA21F3564} = {5F211940-D3E0-43CF-8D6B-DF0FAE503C69}
		{88F99257-B7A1-4C67-B134-7BDAD63AEEF1} = {00F4EF06-97F7-4854-8DD9-7F9AE4A1201A}
		{0E2E8AEC-8DC9-4C9D-8680-903805F92FD4} = {96C33EFF-EAE7-49A4-AE5D-30321AC268D3}
		{BBB5402C-92F6-4E2D-BD9F-5CA6EB79CF27} = {96C33EFF-EAE7-49A4-AE5D-30321AC268D3}
		{FC8DC19A-0ABA-4922-9719-2DEBB20397F6} = {96C33EFF-EAE7-49A4-AE5D-30321AC268D3}
		{F9F8EC0B-D46D-40EC-BABF-F9D499CE451A} = {544F385E-BF56-474C-99FE-C8CB45B33EF9}
		{1704EB24-5FBA-4E98-9CD4-EE2EE4610A94} = {544F385E-BF56-474C-99FE-C8CB45B33EF9}
		{AFF1BB25-E9DB-4797-8778-F3EE09C8B9EF} = {544F385E-BF56-474C-99FE-C8CB45B33EF9}
		{59AD9D73-9348-4262-A869-6168057DA26A} = {C1296FBA-3002-40B6-B762-FF1E87FBC9B1}
		{3FDEEE8A-55E3-42E9-91AF-FBF94688CE71} = {C1296FBA-3002-40B6-B762-FF1E87FBC9B1}
		{5F75F28C-0E83-4594-97F1-9CDF806DB5F2} = {C1296FBA-3002-40B6-B762-FF1E87FBC9B1}
		{C5179ECB-0645-43D5-BB27-9E9F7884E0ED} = {790680FE-FE91-45C1-8A35-21C37A7D2C71}
		{66264110-E388-4097-B554-62A6B719D5CD} = {790680FE-FE91-45C1-8A35-21C37A7D2C71}
		{481392ED-FD69-47F0-B126-73688C89F343} = {790680FE-FE91-45C1-8A35-21C37A7D2C71}
		{C2F2E95A-FF2F-4E65-90A7-60B1974A9A19} = {790680FE-FE91-45C1-8A35-21C37A7D2C71}
		{5AF14D72-282C-400A-838E-E353ADCFCC38} = {790680FE-FE91-45C1-8A35-21C37A7D2C71}
		{5436B113-AF23-4EE2-A2C8-20215BFD6537} = {790680FE-FE91-45C1-8A35-21C37A7D2C71}
		{1FC76E39-2530-42F6-BBC3-993B63851CA6} = {790680FE-FE91-45C1-8A35-21C37A7D2C71}
		{8C8685CA-9E55-4AE3-AF36-0899F1220D70} = {790680FE-FE91-45C1-8A35-21C37A7D2C71}
		{B45A1C8D-2FB8-4A8E-A359-BE13385EC031} = {790680FE-FE91-45C1-8A35-21C37A7D2C71}
		{45DB5FC5-680D-4B37-9C1F-24FA3645F4AB} = {790680FE-FE91-45C1-8A35-21C37A7D2C71}
		{70EA5FD6-61BF-4DDF-9CF3-FBE1012F575F} = {5F211940-D3E0-43CF-8D6B-DF0FAE503C69}
		{170DB43F-86F3-4ED8-B05E-81FD38F118BF} = {E8D7A746-40A5-4BD6-B51D-11DE19158AB2}
		{E8D7A746-40A5-4BD6-B51D-11DE19158AB2} = {BCF998FA-B893-4FC6-A4AC-776341F76D53}
		{663CD8D6-A2F1-4EA4-9451-E93A773961D0} = {544F385E-BF56-474C-99FE-C8CB45B33EF9}
		{531D5086-CA30-4E17-AFE8-D339B312A57D} = {C1296FBA-3002-40B6-B762-FF1E87FBC9B1}
		{7B43B9F5-7C88-42F1-B217-34A24AE925D0} = {96C33EFF-EAE7-49A4-AE5D-30321AC268D3}
	EndGlobalSection
	GlobalSection(ExtensibilityGlobals) = postSolution
		SolutionGuid = {8EA4D89B-E70A-48A8-A44B-2FB5470BDAEA}
	EndGlobalSection
EndGlobal
